// !$*UTF8*$!
{
	archiveVersion = 1;
	classes = {
	};
	objectVersion = 56;
	objects = {

/* Begin PBXBuildFile section */
		FE4DBE042A366AA40033BBF5 /* CustomCorners.swift in Sources */ = {isa = PBXBuildFile; fileRef = FE4DBE032A366AA40033BBF5 /* CustomCorners.swift */; };
		FEC5CBEE2A36165A006CC6E3 /* AddToBagAnimationTestApp.swift in Sources */ = {isa = PBXBuildFile; fileRef = FEC5CBED2A36165A006CC6E3 /* AddToBagAnimationTestApp.swift */; };
		FEC5CBF02A36165A006CC6E3 /* ContentView.swift in Sources */ = {isa = PBXBuildFile; fileRef = FEC5CBEF2A36165A006CC6E3 /* ContentView.swift */; };
		FEC5CBF22A36165B006CC6E3 /* Assets.xcassets in Resources */ = {isa = PBXBuildFile; fileRef = FEC5CBF12A36165B006CC6E3 /* Assets.xcassets */; };
		FEC5CBF52A36165B006CC6E3 /* Preview Assets.xcassets in Resources */ = {isa = PBXBuildFile; fileRef = FEC5CBF42A36165B006CC6E3 /* Preview Assets.xcassets */; };
		FEC5CBFF2A36165C006CC6E3 /* AddToBagAnimationTestTests.swift in Sources */ = {isa = PBXBuildFile; fileRef = FEC5CBFE2A36165C006CC6E3 /* AddToBagAnimationTestTests.swift */; };
		FEC5CC092A36165C006CC6E3 /* AddToBagAnimationTestUITests.swift in Sources */ = {isa = PBXBuildFile; fileRef = FEC5CC082A36165C006CC6E3 /* AddToBagAnimationTestUITests.swift */; };
		FEC5CC0B2A36165C006CC6E3 /* AddToBagAnimationTestUITestsLaunchTests.swift in Sources */ = {isa = PBXBuildFile; fileRef = FEC5CC0A2A36165C006CC6E3 /* AddToBagAnimationTestUITestsLaunchTests.swift */; };
		FEC5CC192A36248B006CC6E3 /* Home.swift in Sources */ = {isa = PBXBuildFile; fileRef = FEC5CC182A36248B006CC6E3 /* Home.swift */; };
		FEC5CC1C2A36319C006CC6E3 /* HomeViewModel.swift in Sources */ = {isa = PBXBuildFile; fileRef = FEC5CC1B2A36319C006CC6E3 /* HomeViewModel.swift */; };
/* End PBXBuildFile section */

/* Begin PBXContainerItemProxy section */
		FEC5CBFB2A36165C006CC6E3 /* PBXContainerItemProxy */ = {
			isa = PBXContainerItemProxy;
			containerPortal = FEC5CBE22A36165A006CC6E3 /* Project object */;
			proxyType = 1;
			remoteGlobalIDString = FEC5CBE92A36165A006CC6E3;
			remoteInfo = AddToBagAnimationTest;
		};
		FEC5CC052A36165C006CC6E3 /* PBXContainerItemProxy */ = {
			isa = PBXContainerItemProxy;
			containerPortal = FEC5CBE22A36165A006CC6E3 /* Project object */;
			proxyType = 1;
			remoteGlobalIDString = FEC5CBE92A36165A006CC6E3;
			remoteInfo = AddToBagAnimationTest;
		};
/* End PBXContainerItemProxy section */

/* Begin PBXFileReference section */
		FE4DBE032A366AA40033BBF5 /* CustomCorners.swift */ = {isa = PBXFileReference; lastKnownFileType = sourcecode.swift; path = CustomCorners.swift; sourceTree = "<group>"; };
		FEC5CBEA2A36165A006CC6E3 /* AddToBagAnimationTest.app */ = {isa = PBXFileReference; explicitFileType = wrapper.application; includeInIndex = 0; path = AddToBagAnimationTest.app; sourceTree = BUILT_PRODUCTS_DIR; };
		FEC5CBED2A36165A006CC6E3 /* AddToBagAnimationTestApp.swift */ = {isa = PBXFileReference; lastKnownFileType = sourcecode.swift; path = AddToBagAnimationTestApp.swift; sourceTree = "<group>"; };
		FEC5CBEF2A36165A006CC6E3 /* ContentView.swift */ = {isa = PBXFileReference; lastKnownFileType = sourcecode.swift; path = ContentView.swift; sourceTree = "<group>"; };
		FEC5CBF12A36165B006CC6E3 /* Assets.xcassets */ = {isa = PBXFileReference; lastKnownFileType = folder.assetcatalog; path = Assets.xcassets; sourceTree = "<group>"; };
		FEC5CBF42A36165B006CC6E3 /* Preview Assets.xcassets */ = {isa = PBXFileReference; lastKnownFileType = folder.assetcatalog; path = "Preview Assets.xcassets"; sourceTree = "<group>"; };
		FEC5CBFA2A36165C006CC6E3 /* AddToBagAnimationTestTests.xctest */ = {isa = PBXFileReference; explicitFileType = wrapper.cfbundle; includeInIndex = 0; path = AddToBagAnimationTestTests.xctest; sourceTree = BUILT_PRODUCTS_DIR; };
		FEC5CBFE2A36165C006CC6E3 /* AddToBagAnimationTestTests.swift */ = {isa = PBXFileReference; lastKnownFileType = sourcecode.swift; path = AddToBagAnimationTestTests.swift; sourceTree = "<group>"; };
		FEC5CC042A36165C006CC6E3 /* AddToBagAnimationTestUITests.xctest */ = {isa = PBXFileReference; explicitFileType = wrapper.cfbundle; includeInIndex = 0; path = AddToBagAnimationTestUITests.xctest; sourceTree = BUILT_PRODUCTS_DIR; };
		FEC5CC082A36165C006CC6E3 /* AddToBagAnimationTestUITests.swift */ = {isa = PBXFileReference; lastKnownFileType = sourcecode.swift; path = AddToBagAnimationTestUITests.swift; sourceTree = "<group>"; };
		FEC5CC0A2A36165C006CC6E3 /* AddToBagAnimationTestUITestsLaunchTests.swift */ = {isa = PBXFileReference; lastKnownFileType = sourcecode.swift; path = AddToBagAnimationTestUITestsLaunchTests.swift; sourceTree = "<group>"; };
		FEC5CC182A36248B006CC6E3 /* Home.swift */ = {isa = PBXFileReference; lastKnownFileType = sourcecode.swift; path = Home.swift; sourceTree = "<group>"; };
		FEC5CC1B2A36319C006CC6E3 /* HomeViewModel.swift */ = {isa = PBXFileReference; lastKnownFileType = sourcecode.swift; path = HomeViewModel.swift; sourceTree = "<group>"; };
/* End PBXFileReference section */

/* Begin PBXFrameworksBuildPhase section */
		FEC5CBE72A36165A006CC6E3 /* Frameworks */ = {
			isa = PBXFrameworksBuildPhase;
			buildActionMask = 2147483647;
			files = (
			);
			runOnlyForDeploymentPostprocessing = 0;
		};
		FEC5CBF72A36165C006CC6E3 /* Frameworks */ = {
			isa = PBXFrameworksBuildPhase;
			buildActionMask = 2147483647;
			files = (
			);
			runOnlyForDeploymentPostprocessing = 0;
		};
		FEC5CC012A36165C006CC6E3 /* Frameworks */ = {
			isa = PBXFrameworksBuildPhase;
			buildActionMask = 2147483647;
			files = (
			);
			runOnlyForDeploymentPostprocessing = 0;
		};
/* End PBXFrameworksBuildPhase section */

/* Begin PBXGroup section */
		FEC5CBE12A36165A006CC6E3 = {
			isa = PBXGroup;
			children = (
				FEC5CBEC2A36165A006CC6E3 /* AddToBagAnimationTest */,
				FEC5CBFD2A36165C006CC6E3 /* AddToBagAnimationTestTests */,
				FEC5CC072A36165C006CC6E3 /* AddToBagAnimationTestUITests */,
				FEC5CBEB2A36165A006CC6E3 /* Products */,
			);
			sourceTree = "<group>";
		};
		FEC5CBEB2A36165A006CC6E3 /* Products */ = {
			isa = PBXGroup;
			children = (
				FEC5CBEA2A36165A006CC6E3 /* AddToBagAnimationTest.app */,
				FEC5CBFA2A36165C006CC6E3 /* AddToBagAnimationTestTests.xctest */,
				FEC5CC042A36165C006CC6E3 /* AddToBagAnimationTestUITests.xctest */,
			);
			name = Products;
			sourceTree = "<group>";
		};
		FEC5CBEC2A36165A006CC6E3 /* AddToBagAnimationTest */ = {
			isa = PBXGroup;
			children = (
				FEC5CC1A2A36318C006CC6E3 /* ViewModel */,
				FEC5CC172A362468006CC6E3 /* View */,
				FEC5CBED2A36165A006CC6E3 /* AddToBagAnimationTestApp.swift */,
				FEC5CBEF2A36165A006CC6E3 /* ContentView.swift */,
				FEC5CBF12A36165B006CC6E3 /* Assets.xcassets */,
				FEC5CBF32A36165B006CC6E3 /* Preview Content */,
			);
			path = AddToBagAnimationTest;
			sourceTree = "<group>";
		};
		FEC5CBF32A36165B006CC6E3 /* Preview Content */ = {
			isa = PBXGroup;
			children = (
				FEC5CBF42A36165B006CC6E3 /* Preview Assets.xcassets */,
			);
			path = "Preview Content";
			sourceTree = "<group>";
		};
		FEC5CBFD2A36165C006CC6E3 /* AddToBagAnimationTestTests */ = {
			isa = PBXGroup;
			children = (
				FEC5CBFE2A36165C006CC6E3 /* AddToBagAnimationTestTests.swift */,
			);
			path = AddToBagAnimationTestTests;
			sourceTree = "<group>";
		};
		FEC5CC072A36165C006CC6E3 /* AddToBagAnimationTestUITests */ = {
			isa = PBXGroup;
			children = (
				FEC5CC082A36165C006CC6E3 /* AddToBagAnimationTestUITests.swift */,
				FEC5CC0A2A36165C006CC6E3 /* AddToBagAnimationTestUITestsLaunchTests.swift */,
			);
			path = AddToBagAnimationTestUITests;
			sourceTree = "<group>";
		};
		FEC5CC172A362468006CC6E3 /* View */ = {
			isa = PBXGroup;
			children = (
				FEC5CC182A36248B006CC6E3 /* Home.swift */,
				FE4DBE032A366AA40033BBF5 /* CustomCorners.swift */,
			);
			path = View;
			sourceTree = "<group>";
		};
		FEC5CC1A2A36318C006CC6E3 /* ViewModel */ = {
			isa = PBXGroup;
			children = (
				FEC5CC1B2A36319C006CC6E3 /* HomeViewModel.swift */,
			);
			path = ViewModel;
			sourceTree = "<group>";
		};
/* End PBXGroup section */

/* Begin PBXNativeTarget section */
		FEC5CBE92A36165A006CC6E3 /* AddToBagAnimationTest */ = {
			isa = PBXNativeTarget;
			buildConfigurationList = FEC5CC0E2A36165C006CC6E3 /* Build configuration list for PBXNativeTarget "AddToBagAnimationTest" */;
			buildPhases = (
				FEC5CBE62A36165A006CC6E3 /* Sources */,
				FEC5CBE72A36165A006CC6E3 /* Frameworks */,
				FEC5CBE82A36165A006CC6E3 /* Resources */,
			);
			buildRules = (
			);
			dependencies = (
			);
			name = AddToBagAnimationTest;
			productName = AddToBagAnimationTest;
			productReference = FEC5CBEA2A36165A006CC6E3 /* AddToBagAnimationTest.app */;
			productType = "com.apple.product-type.application";
		};
		FEC5CBF92A36165C006CC6E3 /* AddToBagAnimationTestTests */ = {
			isa = PBXNativeTarget;
			buildConfigurationList = FEC5CC112A36165C006CC6E3 /* Build configuration list for PBXNativeTarget "AddToBagAnimationTestTests" */;
			buildPhases = (
				FEC5CBF62A36165C006CC6E3 /* Sources */,
				FEC5CBF72A36165C006CC6E3 /* Frameworks */,
				FEC5CBF82A36165C006CC6E3 /* Resources */,
			);
			buildRules = (
			);
			dependencies = (
				FEC5CBFC2A36165C006CC6E3 /* PBXTargetDependency */,
			);
			name = AddToBagAnimationTestTests;
			productName = AddToBagAnimationTestTests;
			productReference = FEC5CBFA2A36165C006CC6E3 /* AddToBagAnimationTestTests.xctest */;
			productType = "com.apple.product-type.bundle.unit-test";
		};
		FEC5CC032A36165C006CC6E3 /* AddToBagAnimationTestUITests */ = {
			isa = PBXNativeTarget;
			buildConfigurationList = FEC5CC142A36165C006CC6E3 /* Build configuration list for PBXNativeTarget "AddToBagAnimationTestUITests" */;
			buildPhases = (
				FEC5CC002A36165C006CC6E3 /* Sources */,
				FEC5CC012A36165C006CC6E3 /* Frameworks */,
				FEC5CC022A36165C006CC6E3 /* Resources */,
			);
			buildRules = (
			);
			dependencies = (
				FEC5CC062A36165C006CC6E3 /* PBXTargetDependency */,
			);
			name = AddToBagAnimationTestUITests;
			productName = AddToBagAnimationTestUITests;
			productReference = FEC5CC042A36165C006CC6E3 /* AddToBagAnimationTestUITests.xctest */;
			productType = "com.apple.product-type.bundle.ui-testing";
		};
/* End PBXNativeTarget section */

/* Begin PBXProject section */
		FEC5CBE22A36165A006CC6E3 /* Project object */ = {
			isa = PBXProject;
			attributes = {
				BuildIndependentTargetsInParallel = 1;
				LastSwiftUpdateCheck = 1430;
				LastUpgradeCheck = 1430;
				TargetAttributes = {
					FEC5CBE92A36165A006CC6E3 = {
						CreatedOnToolsVersion = 14.3;
					};
					FEC5CBF92A36165C006CC6E3 = {
						CreatedOnToolsVersion = 14.3;
						TestTargetID = FEC5CBE92A36165A006CC6E3;
					};
					FEC5CC032A36165C006CC6E3 = {
						CreatedOnToolsVersion = 14.3;
						TestTargetID = FEC5CBE92A36165A006CC6E3;
					};
				};
			};
			buildConfigurationList = FEC5CBE52A36165A006CC6E3 /* Build configuration list for PBXProject "AddToBagAnimationTest" */;
			compatibilityVersion = "Xcode 14.0";
			developmentRegion = en;
			hasScannedForEncodings = 0;
			knownRegions = (
				en,
				Base,
			);
			mainGroup = FEC5CBE12A36165A006CC6E3;
			productRefGroup = FEC5CBEB2A36165A006CC6E3 /* Products */;
			projectDirPath = "";
			projectRoot = "";
			targets = (
				FEC5CBE92A36165A006CC6E3 /* AddToBagAnimationTest */,
				FEC5CBF92A36165C006CC6E3 /* AddToBagAnimationTestTests */,
				FEC5CC032A36165C006CC6E3 /* AddToBagAnimationTestUITests */,
			);
		};
/* End PBXProject section */

/* Begin PBXResourcesBuildPhase section */
		FEC5CBE82A36165A006CC6E3 /* Resources */ = {
			isa = PBXResourcesBuildPhase;
			buildActionMask = 2147483647;
			files = (
				FEC5CBF52A36165B006CC6E3 /* Preview Assets.xcassets in Resources */,
				FEC5CBF22A36165B006CC6E3 /* Assets.xcassets in Resources */,
			);
			runOnlyForDeploymentPostprocessing = 0;
		};
		FEC5CBF82A36165C006CC6E3 /* Resources */ = {
			isa = PBXResourcesBuildPhase;
			buildActionMask = 2147483647;
			files = (
			);
			runOnlyForDeploymentPostprocessing = 0;
		};
		FEC5CC022A36165C006CC6E3 /* Resources */ = {
			isa = PBXResourcesBuildPhase;
			buildActionMask = 2147483647;
			files = (
			);
			runOnlyForDeploymentPostprocessing = 0;
		};
/* End PBXResourcesBuildPhase section */

/* Begin PBXSourcesBuildPhase section */
		FEC5CBE62A36165A006CC6E3 /* Sources */ = {
			isa = PBXSourcesBuildPhase;
			buildActionMask = 2147483647;
			files = (
				FEC5CBF02A36165A006CC6E3 /* ContentView.swift in Sources */,
				FEC5CC192A36248B006CC6E3 /* Home.swift in Sources */,
				FEC5CBEE2A36165A006CC6E3 /* AddToBagAnimationTestApp.swift in Sources */,
				FEC5CC1C2A36319C006CC6E3 /* HomeViewModel.swift in Sources */,
				FE4DBE042A366AA40033BBF5 /* CustomCorners.swift in Sources */,
			);
			runOnlyForDeploymentPostprocessing = 0;
		};
		FEC5CBF62A36165C006CC6E3 /* Sources */ = {
			isa = PBXSourcesBuildPhase;
			buildActionMask = 2147483647;
			files = (
				FEC5CBFF2A36165C006CC6E3 /* AddToBagAnimationTestTests.swift in Sources */,
			);
			runOnlyForDeploymentPostprocessing = 0;
		};
		FEC5CC002A36165C006CC6E3 /* Sources */ = {
			isa = PBXSourcesBuildPhase;
			buildActionMask = 2147483647;
			files = (
				FEC5CC092A36165C006CC6E3 /* AddToBagAnimationTestUITests.swift in Sources */,
				FEC5CC0B2A36165C006CC6E3 /* AddToBagAnimationTestUITestsLaunchTests.swift in Sources */,
			);
			runOnlyForDeploymentPostprocessing = 0;
		};
/* End PBXSourcesBuildPhase section */

/* Begin PBXTargetDependency section */
		FEC5CBFC2A36165C006CC6E3 /* PBXTargetDependency */ = {
			isa = PBXTargetDependency;
			target = FEC5CBE92A36165A006CC6E3 /* AddToBagAnimationTest */;
			targetProxy = FEC5CBFB2A36165C006CC6E3 /* PBXContainerItemProxy */;
		};
		FEC5CC062A36165C006CC6E3 /* PBXTargetDependency */ = {
			isa = PBXTargetDependency;
			target = FEC5CBE92A36165A006CC6E3 /* AddToBagAnimationTest */;
			targetProxy = FEC5CC052A36165C006CC6E3 /* PBXContainerItemProxy */;
		};
/* End PBXTargetDependency section */

/* Begin XCBuildConfiguration section */
		FEC5CC0C2A36165C006CC6E3 /* Debug */ = {
			isa = XCBuildConfiguration;
			buildSettings = {
				ALWAYS_SEARCH_USER_PATHS = NO;
				CLANG_ANALYZER_NONNULL = YES;
				CLANG_ANALYZER_NUMBER_OBJECT_CONVERSION = YES_AGGRESSIVE;
				CLANG_CXX_LANGUAGE_STANDARD = "gnu++20";
				CLANG_ENABLE_MODULES = YES;
				CLANG_ENABLE_OBJC_ARC = YES;
				CLANG_ENABLE_OBJC_WEAK = YES;
				CLANG_WARN_BLOCK_CAPTURE_AUTORELEASING = YES;
				CLANG_WARN_BOOL_CONVERSION = YES;
				CLANG_WARN_COMMA = YES;
				CLANG_WARN_CONSTANT_CONVERSION = YES;
				CLANG_WARN_DEPRECATED_OBJC_IMPLEMENTATIONS = YES;
				CLANG_WARN_DIRECT_OBJC_ISA_USAGE = YES_ERROR;
				CLANG_WARN_DOCUMENTATION_COMMENTS = YES;
				CLANG_WARN_EMPTY_BODY = YES;
				CLANG_WARN_ENUM_CONVERSION = YES;
				CLANG_WARN_INFINITE_RECURSION = YES;
				CLANG_WARN_INT_CONVERSION = YES;
				CLANG_WARN_NON_LITERAL_NULL_CONVERSION = YES;
				CLANG_WARN_OBJC_IMPLICIT_RETAIN_SELF = YES;
				CLANG_WARN_OBJC_LITERAL_CONVERSION = YES;
				CLANG_WARN_OBJC_ROOT_CLASS = YES_ERROR;
				CLANG_WARN_QUOTED_INCLUDE_IN_FRAMEWORK_HEADER = YES;
				CLANG_WARN_RANGE_LOOP_ANALYSIS = YES;
				CLANG_WARN_STRICT_PROTOTYPES = YES;
				CLANG_WARN_SUSPICIOUS_MOVE = YES;
				CLANG_WARN_UNGUARDED_AVAILABILITY = YES_AGGRESSIVE;
				CLANG_WARN_UNREACHABLE_CODE = YES;
				CLANG_WARN__DUPLICATE_METHOD_MATCH = YES;
				COPY_PHASE_STRIP = NO;
				DEBUG_INFORMATION_FORMAT = dwarf;
				ENABLE_STRICT_OBJC_MSGSEND = YES;
				ENABLE_TESTABILITY = YES;
				GCC_C_LANGUAGE_STANDARD = gnu11;
				GCC_DYNAMIC_NO_PIC = NO;
				GCC_NO_COMMON_BLOCKS = YES;
				GCC_OPTIMIZATION_LEVEL = 0;
				GCC_PREPROCESSOR_DEFINITIONS = (
					"DEBUG=1",
					"$(inherited)",
				);
				GCC_WARN_64_TO_32_BIT_CONVERSION = YES;
				GCC_WARN_ABOUT_RETURN_TYPE = YES_ERROR;
				GCC_WARN_UNDECLARED_SELECTOR = YES;
				GCC_WARN_UNINITIALIZED_AUTOS = YES_AGGRESSIVE;
				GCC_WARN_UNUSED_FUNCTION = YES;
				GCC_WARN_UNUSED_VARIABLE = YES;
				IPHONEOS_DEPLOYMENT_TARGET = 16.4;
				MTL_ENABLE_DEBUG_INFO = INCLUDE_SOURCE;
				MTL_FAST_MATH = YES;
				ONLY_ACTIVE_ARCH = YES;
				SDKROOT = iphoneos;
				SWIFT_ACTIVE_COMPILATION_CONDITIONS = DEBUG;
				SWIFT_OPTIMIZATION_LEVEL = "-Onone";
			};
			name = Debug;
		};
		FEC5CC0D2A36165C006CC6E3 /* Release */ = {
			isa = XCBuildConfiguration;
			buildSettings = {
				ALWAYS_SEARCH_USER_PATHS = NO;
				CLANG_ANALYZER_NONNULL = YES;
				CLANG_ANALYZER_NUMBER_OBJECT_CONVERSION = YES_AGGRESSIVE;
				CLANG_CXX_LANGUAGE_STANDARD = "gnu++20";
				CLANG_ENABLE_MODULES = YES;
				CLANG_ENABLE_OBJC_ARC = YES;
				CLANG_ENABLE_OBJC_WEAK = YES;
				CLANG_WARN_BLOCK_CAPTURE_AUTORELEASING = YES;
				CLANG_WARN_BOOL_CONVERSION = YES;
				CLANG_WARN_COMMA = YES;
				CLANG_WARN_CONSTANT_CONVERSION = YES;
				CLANG_WARN_DEPRECATED_OBJC_IMPLEMENTATIONS = YES;
				CLANG_WARN_DIRECT_OBJC_ISA_USAGE = YES_ERROR;
				CLANG_WARN_DOCUMENTATION_COMMENTS = YES;
				CLANG_WARN_EMPTY_BODY = YES;
				CLANG_WARN_ENUM_CONVERSION = YES;
				CLANG_WARN_INFINITE_RECURSION = YES;
				CLANG_WARN_INT_CONVERSION = YES;
				CLANG_WARN_NON_LITERAL_NULL_CONVERSION = YES;
				CLANG_WARN_OBJC_IMPLICIT_RETAIN_SELF = YES;
				CLANG_WARN_OBJC_LITERAL_CONVERSION = YES;
				CLANG_WARN_OBJC_ROOT_CLASS = YES_ERROR;
				CLANG_WARN_QUOTED_INCLUDE_IN_FRAMEWORK_HEADER = YES;
				CLANG_WARN_RANGE_LOOP_ANALYSIS = YES;
				CLANG_WARN_STRICT_PROTOTYPES = YES;
				CLANG_WARN_SUSPICIOUS_MOVE = YES;
				CLANG_WARN_UNGUARDED_AVAILABILITY = YES_AGGRESSIVE;
				CLANG_WARN_UNREACHABLE_CODE = YES;
				CLANG_WARN__DUPLICATE_METHOD_MATCH = YES;
				COPY_PHASE_STRIP = NO;
				DEBUG_INFORMATION_FORMAT = "dwarf-with-dsym";
				ENABLE_NS_ASSERTIONS = NO;
				ENABLE_STRICT_OBJC_MSGSEND = YES;
				GCC_C_LANGUAGE_STANDARD = gnu11;
				GCC_NO_COMMON_BLOCKS = YES;
				GCC_WARN_64_TO_32_BIT_CONVERSION = YES;
				GCC_WARN_ABOUT_RETURN_TYPE = YES_ERROR;
				GCC_WARN_UNDECLARED_SELECTOR = YES;
				GCC_WARN_UNINITIALIZED_AUTOS = YES_AGGRESSIVE;
				GCC_WARN_UNUSED_FUNCTION = YES;
				GCC_WARN_UNUSED_VARIABLE = YES;
				IPHONEOS_DEPLOYMENT_TARGET = 16.4;
				MTL_ENABLE_DEBUG_INFO = NO;
				MTL_FAST_MATH = YES;
				SDKROOT = iphoneos;
				SWIFT_COMPILATION_MODE = wholemodule;
				SWIFT_OPTIMIZATION_LEVEL = "-O";
				VALIDATE_PRODUCT = YES;
			};
			name = Release;
		};
		FEC5CC0F2A36165C006CC6E3 /* Debug */ = {
			isa = XCBuildConfiguration;
			buildSettings = {
				ASSETCATALOG_COMPILER_APPICON_NAME = AppIcon;
				ASSETCATALOG_COMPILER_GLOBAL_ACCENT_COLOR_NAME = AccentColor;
				CODE_SIGN_STYLE = Automatic;
				CURRENT_PROJECT_VERSION = 1;
				DEVELOPMENT_ASSET_PATHS = "\"AddToBagAnimationTest/Preview Content\"";
				DEVELOPMENT_TEAM = 4LBT7283WA;
				ENABLE_PREVIEWS = YES;
				GENERATE_INFOPLIST_FILE = YES;
				INFOPLIST_KEY_UIApplicationSceneManifest_Generation = YES;
				INFOPLIST_KEY_UIApplicationSupportsIndirectInputEvents = YES;
				INFOPLIST_KEY_UILaunchScreen_Generation = YES;
				INFOPLIST_KEY_UISupportedInterfaceOrientations_iPad = "UIInterfaceOrientationPortrait UIInterfaceOrientationPortraitUpsideDown UIInterfaceOrientationLandscapeLeft UIInterfaceOrientationLandscapeRight";
				INFOPLIST_KEY_UISupportedInterfaceOrientations_iPhone = "UIInterfaceOrientationPortrait UIInterfaceOrientationLandscapeLeft UIInterfaceOrientationLandscapeRight";
				LD_RUNPATH_SEARCH_PATHS = (
					"$(inherited)",
					"@executable_path/Frameworks",
				);
				MARKETING_VERSION = 1.0;
				PRODUCT_BUNDLE_IDENTIFIER = Sam.AddToBagAnimationTest;
				PRODUCT_NAME = "$(TARGET_NAME)";
				SWIFT_EMIT_LOC_STRINGS = YES;
				SWIFT_VERSION = 5.0;
				TARGETED_DEVICE_FAMILY = "1,2";
			};
			name = Debug;
		};
		FEC5CC102A36165C006CC6E3 /* Release */ = {
			isa = XCBuildConfiguration;
			buildSettings = {
				ASSETCATALOG_COMPILER_APPICON_NAME = AppIcon;
				ASSETCATALOG_COMPILER_GLOBAL_ACCENT_COLOR_NAME = AccentColor;
				CODE_SIGN_STYLE = Automatic;
				CURRENT_PROJECT_VERSION = 1;
				DEVELOPMENT_ASSET_PATHS = "\"AddToBagAnimationTest/Preview Content\"";
				DEVELOPMENT_TEAM = 4LBT7283WA;
				ENABLE_PREVIEWS = YES;
				GENERATE_INFOPLIST_FILE = YES;
				INFOPLIST_KEY_UIApplicationSceneManifest_Generation = YES;
				INFOPLIST_KEY_UIApplicationSupportsIndirectInputEvents = YES;
				INFOPLIST_KEY_UILaunchScreen_Generation = YES;
				INFOPLIST_KEY_UISupportedInterfaceOrientations_iPad = "UIInterfaceOrientationPortrait UIInterfaceOrientationPortraitUpsideDown UIInterfaceOrientationLandscapeLeft UIInterfaceOrientationLandscapeRight";
				INFOPLIST_KEY_UISupportedInterfaceOrientations_iPhone = "UIInterfaceOrientationPortrait UIInterfaceOrientationLandscapeLeft UIInterfaceOrientationLandscapeRight";
				LD_RUNPATH_SEARCH_PATHS = (
					"$(inherited)",
					"@executable_path/Frameworks",
				);
				MARKETING_VERSION = 1.0;
				PRODUCT_BUNDLE_IDENTIFIER = Sam.AddToBagAnimationTest;
				PRODUCT_NAME = "$(TARGET_NAME)";
				SWIFT_EMIT_LOC_STRINGS = YES;
				SWIFT_VERSION = 5.0;
				TARGETED_DEVICE_FAMILY = "1,2";
			};
			name = Release;
		};
		FEC5CC122A36165C006CC6E3 /* Debug */ = {
			isa = XCBuildConfiguration;
			buildSettings = {
				ALWAYS_EMBED_SWIFT_STANDARD_LIBRARIES = YES;
				BUNDLE_LOADER = "$(TEST_HOST)";
				CODE_SIGN_STYLE = Automatic;
				CURRENT_PROJECT_VERSION = 1;
				DEVELOPMENT_TEAM = 4LBT7283WA;
				GENERATE_INFOPLIST_FILE = YES;
				IPHONEOS_DEPLOYMENT_TARGET = 16.4;
				MARKETING_VERSION = 1.0;
				PRODUCT_BUNDLE_IDENTIFIER = Sam.AddToBagAnimationTestTests;
				PRODUCT_NAME = "$(TARGET_NAME)";
				SWIFT_EMIT_LOC_STRINGS = NO;
				SWIFT_VERSION = 5.0;
				TARGETED_DEVICE_FAMILY = "1,2";
				TEST_HOST = "$(BUILT_PRODUCTS_DIR)/AddToBagAnimationTest.app/$(BUNDLE_EXECUTABLE_FOLDER_PATH)/AddToBagAnimationTest";
			};
			name = Debug;
		};
		FEC5CC132A36165C006CC6E3 /* Release */ = {
			isa = XCBuildConfiguration;
			buildSettings = {
				ALWAYS_EMBED_SWIFT_STANDARD_LIBRARIES = YES;
				BUNDLE_LOADER = "$(TEST_HOST)";
				CODE_SIGN_STYLE = Automatic;
				CURRENT_PROJECT_VERSION = 1;
				DEVELOPMENT_TEAM = 4LBT7283WA;
				GENERATE_INFOPLIST_FILE = YES;
				IPHONEOS_DEPLOYMENT_TARGET = 16.4;
				MARKETING_VERSION = 1.0;
				PRODUCT_BUNDLE_IDENTIFIER = Sam.AddToBagAnimationTestTests;
				PRODUCT_NAME = "$(TARGET_NAME)";
				SWIFT_EMIT_LOC_STRINGS = NO;
				SWIFT_VERSION = 5.0;
				TARGETED_DEVICE_FAMILY = "1,2";
				TEST_HOST = "$(BUILT_PRODUCTS_DIR)/AddToBagAnimationTest.app/$(BUNDLE_EXECUTABLE_FOLDER_PATH)/AddToBagAnimationTest";
			};
			name = Release;
		};
		FEC5CC152A36165C006CC6E3 /* Debug */ = {
			isa = XCBuildConfiguration;
			buildSettings = {
				ALWAYS_EMBED_SWIFT_STANDARD_LIBRARIES = YES;
				CODE_SIGN_STYLE = Automatic;
				CURRENT_PROJECT_VERSION = 1;
				DEVELOPMENT_TEAM = 4LBT7283WA;
				GENERATE_INFOPLIST_FILE = YES;
				MARKETING_VERSION = 1.0;
				PRODUCT_BUNDLE_IDENTIFIER = Sam.AddToBagAnimationTestUITests;
				PRODUCT_NAME = "$(TARGET_NAME)";
				SWIFT_EMIT_LOC_STRINGS = NO;
				SWIFT_VERSION = 5.0;
				TARGETED_DEVICE_FAMILY = "1,2";
				TEST_TARGET_NAME = AddToBagAnimationTest;
			};
			name = Debug;
		};
		FEC5CC162A36165C006CC6E3 /* Release */ = {
			isa = XCBuildConfiguration;
			buildSettings = {
				ALWAYS_EMBED_SWIFT_STANDARD_LIBRARIES = YES;
				CODE_SIGN_STYLE = Automatic;
				CURRENT_PROJECT_VERSION = 1;
				DEVELOPMENT_TEAM = 4LBT7283WA;
				GENERATE_INFOPLIST_FILE = YES;
				MARKETING_VERSION = 1.0;
				PRODUCT_BUNDLE_IDENTIFIER = Sam.AddToBagAnimationTestUITests;
				PRODUCT_NAME = "$(TARGET_NAME)";
				SWIFT_EMIT_LOC_STRINGS = NO;
				SWIFT_VERSION = 5.0;
				TARGETED_DEVICE_FAMILY = "1,2";
				TEST_TARGET_NAME = AddToBagAnimationTest;
			};
			name = Release;
		};
/* End XCBuildConfiguration section */

/* Begin XCConfigurationList section */
		FEC5CBE52A36165A006CC6E3 /* Build configuration list for PBXProject "AddToBagAnimationTest" */ = {
			isa = XCConfigurationList;
			buildConfigurations = (
				FEC5CC0C2A36165C006CC6E3 /* Debug */,
				FEC5CC0D2A36165C006CC6E3 /* Release */,
			);
			defaultConfigurationIsVisible = 0;
			defaultConfigurationName = Release;
		};
		FEC5CC0E2A36165C006CC6E3 /* Build configuration list for PBXNativeTarget "AddToBagAnimationTest" */ = {
			isa = XCConfigurationList;
			buildConfigurations = (
				FEC5CC0F2A36165C006CC6E3 /* Debug */,
				FEC5CC102A36165C006CC6E3 /* Release */,
			);
			defaultConfigurationIsVisible = 0;
			defaultConfigurationName = Release;
		};
		FEC5CC112A36165C006CC6E3 /* Build configuration list for PBXNativeTarget "AddToBagAnimationTestTests" */ = {
			isa = XCConfigurationList;
			buildConfigurations = (
				FEC5CC122A36165C006CC6E3 /* Debug */,
				FEC5CC132A36165C006CC6E3 /* Release */,
			);
			defaultConfigurationIsVisible = 0;
			defaultConfigurationName = Release;
		};
		FEC5CC142A36165C006CC6E3 /* Build configuration list for PBXNativeTarget "AddToBagAnimationTestUITests" */ = {
			isa = XCConfigurationList;
			buildConfigurations = (
				FEC5CC152A36165C006CC6E3 /* Debug */,
				FEC5CC162A36165C006CC6E3 /* Release */,
			);
			defaultConfigurationIsVisible = 0;
			defaultConfigurationName = Release;
		};
/* End XCConfigurationList section */
	};
	rootObject = FEC5CBE22A36165A006CC6E3 /* Project object */;
}
