// !$*UTF8*$!
{
	archiveVersion = 1;
	classes = {
	};
	objectVersion = 56;
	objects = {

/* Begin PBXBuildFile section */
		FE08EB332A86B3CE0044CD3D /* ScrollHideTestApp.swift in Sources */ = {isa = PBXBuildFile; fileRef = FE08EB322A86B3CE0044CD3D /* ScrollHideTestApp.swift */; };
		FE08EB352A86B3CE0044CD3D /* ContentView.swift in Sources */ = {isa = PBXBuildFile; fileRef = FE08EB342A86B3CE0044CD3D /* ContentView.swift */; };
		FE08EB372A86B3CF0044CD3D /* Assets.xcassets in Resources */ = {isa = PBXBuildFile; fileRef = FE08EB362A86B3CF0044CD3D /* Assets.xcassets */; };
		FE08EB3A2A86B3CF0044CD3D /* Preview Assets.xcassets in Resources */ = {isa = PBXBuildFile; fileRef = FE08EB392A86B3CF0044CD3D /* Preview Assets.xcassets */; };
		FE08EB442A86B3CF0044CD3D /* ScrollHideTestTests.swift in Sources */ = {isa = PBXBuildFile; fileRef = FE08EB432A86B3CF0044CD3D /* ScrollHideTestTests.swift */; };
		FE08EB4E2A86B3CF0044CD3D /* ScrollHideTestUITests.swift in Sources */ = {isa = PBXBuildFile; fileRef = FE08EB4D2A86B3CF0044CD3D /* ScrollHideTestUITests.swift */; };
		FE08EB502A86B3CF0044CD3D /* ScrollHideTestUITestsLaunchTests.swift in Sources */ = {isa = PBXBuildFile; fileRef = FE08EB4F2A86B3CF0044CD3D /* ScrollHideTestUITestsLaunchTests.swift */; };
		FE08EB5D2A86B4270044CD3D /* TabStateScrollView.swift in Sources */ = {isa = PBXBuildFile; fileRef = FE08EB5C2A86B4270044CD3D /* TabStateScrollView.swift */; };
/* End PBXBuildFile section */

/* Begin PBXContainerItemProxy section */
		FE08EB402A86B3CF0044CD3D /* PBXContainerItemProxy */ = {
			isa = PBXContainerItemProxy;
			containerPortal = FE08EB272A86B3CE0044CD3D /* Project object */;
			proxyType = 1;
			remoteGlobalIDString = FE08EB2E2A86B3CE0044CD3D;
			remoteInfo = ScrollHideTest;
		};
		FE08EB4A2A86B3CF0044CD3D /* PBXContainerItemProxy */ = {
			isa = PBXContainerItemProxy;
			containerPortal = FE08EB272A86B3CE0044CD3D /* Project object */;
			proxyType = 1;
			remoteGlobalIDString = FE08EB2E2A86B3CE0044CD3D;
			remoteInfo = ScrollHideTest;
		};
/* End PBXContainerItemProxy section */

/* Begin PBXFileReference section */
		FE08EB2F2A86B3CE0044CD3D /* ScrollHideTest.app */ = {isa = PBXFileReference; explicitFileType = wrapper.application; includeInIndex = 0; path = ScrollHideTest.app; sourceTree = BUILT_PRODUCTS_DIR; };
		FE08EB322A86B3CE0044CD3D /* ScrollHideTestApp.swift */ = {isa = PBXFileReference; lastKnownFileType = sourcecode.swift; path = ScrollHideTestApp.swift; sourceTree = "<group>"; };
		FE08EB342A86B3CE0044CD3D /* ContentView.swift */ = {isa = PBXFileReference; lastKnownFileType = sourcecode.swift; path = ContentView.swift; sourceTree = "<group>"; };
		FE08EB362A86B3CF0044CD3D /* Assets.xcassets */ = {isa = PBXFileReference; lastKnownFileType = folder.assetcatalog; path = Assets.xcassets; sourceTree = "<group>"; };
		FE08EB392A86B3CF0044CD3D /* Preview Assets.xcassets */ = {isa = PBXFileReference; lastKnownFileType = folder.assetcatalog; path = "Preview Assets.xcassets"; sourceTree = "<group>"; };
		FE08EB3F2A86B3CF0044CD3D /* ScrollHideTestTests.xctest */ = {isa = PBXFileReference; explicitFileType = wrapper.cfbundle; includeInIndex = 0; path = ScrollHideTestTests.xctest; sourceTree = BUILT_PRODUCTS_DIR; };
		FE08EB432A86B3CF0044CD3D /* ScrollHideTestTests.swift */ = {isa = PBXFileReference; lastKnownFileType = sourcecode.swift; path = ScrollHideTestTests.swift; sourceTree = "<group>"; };
		FE08EB492A86B3CF0044CD3D /* ScrollHideTestUITests.xctest */ = {isa = PBXFileReference; explicitFileType = wrapper.cfbundle; includeInIndex = 0; path = ScrollHideTestUITests.xctest; sourceTree = BUILT_PRODUCTS_DIR; };
		FE08EB4D2A86B3CF0044CD3D /* ScrollHideTestUITests.swift */ = {isa = PBXFileReference; lastKnownFileType = sourcecode.swift; path = ScrollHideTestUITests.swift; sourceTree = "<group>"; };
		FE08EB4F2A86B3CF0044CD3D /* ScrollHideTestUITestsLaunchTests.swift */ = {isa = PBXFileReference; lastKnownFileType = sourcecode.swift; path = ScrollHideTestUITestsLaunchTests.swift; sourceTree = "<group>"; };
		FE08EB5C2A86B4270044CD3D /* TabStateScrollView.swift */ = {isa = PBXFileReference; lastKnownFileType = sourcecode.swift; path = TabStateScrollView.swift; sourceTree = "<group>"; };
/* End PBXFileReference section */

/* Begin PBXFrameworksBuildPhase section */
		FE08EB2C2A86B3CE0044CD3D /* Frameworks */ = {
			isa = PBXFrameworksBuildPhase;
			buildActionMask = 2147483647;
			files = (
			);
			runOnlyForDeploymentPostprocessing = 0;
		};
		FE08EB3C2A86B3CF0044CD3D /* Frameworks */ = {
			isa = PBXFrameworksBuildPhase;
			buildActionMask = 2147483647;
			files = (
			);
			runOnlyForDeploymentPostprocessing = 0;
		};
		FE08EB462A86B3CF0044CD3D /* Frameworks */ = {
			isa = PBXFrameworksBuildPhase;
			buildActionMask = 2147483647;
			files = (
			);
			runOnlyForDeploymentPostprocessing = 0;
		};
/* End PBXFrameworksBuildPhase section */

/* Begin PBXGroup section */
		FE08EB262A86B3CE0044CD3D = {
			isa = PBXGroup;
			children = (
				FE08EB312A86B3CE0044CD3D /* ScrollHideTest */,
				FE08EB422A86B3CF0044CD3D /* ScrollHideTestTests */,
				FE08EB4C2A86B3CF0044CD3D /* ScrollHideTestUITests */,
				FE08EB302A86B3CE0044CD3D /* Products */,
			);
			sourceTree = "<group>";
		};
		FE08EB302A86B3CE0044CD3D /* Products */ = {
			isa = PBXGroup;
			children = (
				FE08EB2F2A86B3CE0044CD3D /* ScrollHideTest.app */,
				FE08EB3F2A86B3CF0044CD3D /* ScrollHideTestTests.xctest */,
				FE08EB492A86B3CF0044CD3D /* ScrollHideTestUITests.xctest */,
			);
			name = Products;
			sourceTree = "<group>";
		};
		FE08EB312A86B3CE0044CD3D /* ScrollHideTest */ = {
			isa = PBXGroup;
			children = (
				FE08EB322A86B3CE0044CD3D /* ScrollHideTestApp.swift */,
				FE08EB342A86B3CE0044CD3D /* ContentView.swift */,
				FE08EB362A86B3CF0044CD3D /* Assets.xcassets */,
				FE08EB382A86B3CF0044CD3D /* Preview Content */,
				FE08EB5C2A86B4270044CD3D /* TabStateScrollView.swift */,
			);
			path = ScrollHideTest;
			sourceTree = "<group>";
		};
		FE08EB382A86B3CF0044CD3D /* Preview Content */ = {
			isa = PBXGroup;
			children = (
				FE08EB392A86B3CF0044CD3D /* Preview Assets.xcassets */,
			);
			path = "Preview Content";
			sourceTree = "<group>";
		};
		FE08EB422A86B3CF0044CD3D /* ScrollHideTestTests */ = {
			isa = PBXGroup;
			children = (
				FE08EB432A86B3CF0044CD3D /* ScrollHideTestTests.swift */,
			);
			path = ScrollHideTestTests;
			sourceTree = "<group>";
		};
		FE08EB4C2A86B3CF0044CD3D /* ScrollHideTestUITests */ = {
			isa = PBXGroup;
			children = (
				FE08EB4D2A86B3CF0044CD3D /* ScrollHideTestUITests.swift */,
				FE08EB4F2A86B3CF0044CD3D /* ScrollHideTestUITestsLaunchTests.swift */,
			);
			path = ScrollHideTestUITests;
			sourceTree = "<group>";
		};
/* End PBXGroup section */

/* Begin PBXNativeTarget section */
		FE08EB2E2A86B3CE0044CD3D /* ScrollHideTest */ = {
			isa = PBXNativeTarget;
			buildConfigurationList = FE08EB532A86B3CF0044CD3D /* Build configuration list for PBXNativeTarget "ScrollHideTest" */;
			buildPhases = (
				FE08EB2B2A86B3CE0044CD3D /* Sources */,
				FE08EB2C2A86B3CE0044CD3D /* Frameworks */,
				FE08EB2D2A86B3CE0044CD3D /* Resources */,
			);
			buildRules = (
			);
			dependencies = (
			);
			name = ScrollHideTest;
			productName = ScrollHideTest;
			productReference = FE08EB2F2A86B3CE0044CD3D /* ScrollHideTest.app */;
			productType = "com.apple.product-type.application";
		};
		FE08EB3E2A86B3CF0044CD3D /* ScrollHideTestTests */ = {
			isa = PBXNativeTarget;
			buildConfigurationList = FE08EB562A86B3CF0044CD3D /* Build configuration list for PBXNativeTarget "ScrollHideTestTests" */;
			buildPhases = (
				FE08EB3B2A86B3CF0044CD3D /* Sources */,
				FE08EB3C2A86B3CF0044CD3D /* Frameworks */,
				FE08EB3D2A86B3CF0044CD3D /* Resources */,
			);
			buildRules = (
			);
			dependencies = (
				FE08EB412A86B3CF0044CD3D /* PBXTargetDependency */,
			);
			name = ScrollHideTestTests;
			productName = ScrollHideTestTests;
			productReference = FE08EB3F2A86B3CF0044CD3D /* ScrollHideTestTests.xctest */;
			productType = "com.apple.product-type.bundle.unit-test";
		};
		FE08EB482A86B3CF0044CD3D /* ScrollHideTestUITests */ = {
			isa = PBXNativeTarget;
			buildConfigurationList = FE08EB592A86B3CF0044CD3D /* Build configuration list for PBXNativeTarget "ScrollHideTestUITests" */;
			buildPhases = (
				FE08EB452A86B3CF0044CD3D /* Sources */,
				FE08EB462A86B3CF0044CD3D /* Frameworks */,
				FE08EB472A86B3CF0044CD3D /* Resources */,
			);
			buildRules = (
			);
			dependencies = (
				FE08EB4B2A86B3CF0044CD3D /* PBXTargetDependency */,
			);
			name = ScrollHideTestUITests;
			productName = ScrollHideTestUITests;
			productReference = FE08EB492A86B3CF0044CD3D /* ScrollHideTestUITests.xctest */;
			productType = "com.apple.product-type.bundle.ui-testing";
		};
/* End PBXNativeTarget section */

/* Begin PBXProject section */
		FE08EB272A86B3CE0044CD3D /* Project object */ = {
			isa = PBXProject;
			attributes = {
				BuildIndependentTargetsInParallel = 1;
				LastSwiftUpdateCheck = 1430;
				LastUpgradeCheck = 1430;
				TargetAttributes = {
					FE08EB2E2A86B3CE0044CD3D = {
						CreatedOnToolsVersion = 14.3.1;
					};
					FE08EB3E2A86B3CF0044CD3D = {
						CreatedOnToolsVersion = 14.3.1;
						TestTargetID = FE08EB2E2A86B3CE0044CD3D;
					};
					FE08EB482A86B3CF0044CD3D = {
						CreatedOnToolsVersion = 14.3.1;
						TestTargetID = FE08EB2E2A86B3CE0044CD3D;
					};
				};
			};
			buildConfigurationList = FE08EB2A2A86B3CE0044CD3D /* Build configuration list for PBXProject "ScrollHideTest" */;
			compatibilityVersion = "Xcode 14.0";
			developmentRegion = en;
			hasScannedForEncodings = 0;
			knownRegions = (
				en,
				Base,
			);
			mainGroup = FE08EB262A86B3CE0044CD3D;
			productRefGroup = FE08EB302A86B3CE0044CD3D /* Products */;
			projectDirPath = "";
			projectRoot = "";
			targets = (
				FE08EB2E2A86B3CE0044CD3D /* ScrollHideTest */,
				FE08EB3E2A86B3CF0044CD3D /* ScrollHideTestTests */,
				FE08EB482A86B3CF0044CD3D /* ScrollHideTestUITests */,
			);
		};
/* End PBXProject section */

/* Begin PBXResourcesBuildPhase section */
		FE08EB2D2A86B3CE0044CD3D /* Resources */ = {
			isa = PBXResourcesBuildPhase;
			buildActionMask = 2147483647;
			files = (
				FE08EB3A2A86B3CF0044CD3D /* Preview Assets.xcassets in Resources */,
				FE08EB372A86B3CF0044CD3D /* Assets.xcassets in Resources */,
			);
			runOnlyForDeploymentPostprocessing = 0;
		};
		FE08EB3D2A86B3CF0044CD3D /* Resources */ = {
			isa = PBXResourcesBuildPhase;
			buildActionMask = 2147483647;
			files = (
			);
			runOnlyForDeploymentPostprocessing = 0;
		};
		FE08EB472A86B3CF0044CD3D /* Resources */ = {
			isa = PBXResourcesBuildPhase;
			buildActionMask = 2147483647;
			files = (
			);
			runOnlyForDeploymentPostprocessing = 0;
		};
/* End PBXResourcesBuildPhase section */

/* Begin PBXSourcesBuildPhase section */
		FE08EB2B2A86B3CE0044CD3D /* Sources */ = {
			isa = PBXSourcesBuildPhase;
			buildActionMask = 2147483647;
			files = (
				FE08EB352A86B3CE0044CD3D /* ContentView.swift in Sources */,
				FE08EB5D2A86B4270044CD3D /* TabStateScrollView.swift in Sources */,
				FE08EB332A86B3CE0044CD3D /* ScrollHideTestApp.swift in Sources */,
			);
			runOnlyForDeploymentPostprocessing = 0;
		};
		FE08EB3B2A86B3CF0044CD3D /* Sources */ = {
			isa = PBXSourcesBuildPhase;
			buildActionMask = 2147483647;
			files = (
				FE08EB442A86B3CF0044CD3D /* ScrollHideTestTests.swift in Sources */,
			);
			runOnlyForDeploymentPostprocessing = 0;
		};
		FE08EB452A86B3CF0044CD3D /* Sources */ = {
			isa = PBXSourcesBuildPhase;
			buildActionMask = 2147483647;
			files = (
				FE08EB4E2A86B3CF0044CD3D /* ScrollHideTestUITests.swift in Sources */,
				FE08EB502A86B3CF0044CD3D /* ScrollHideTestUITestsLaunchTests.swift in Sources */,
			);
			runOnlyForDeploymentPostprocessing = 0;
		};
/* End PBXSourcesBuildPhase section */

/* Begin PBXTargetDependency section */
		FE08EB412A86B3CF0044CD3D /* PBXTargetDependency */ = {
			isa = PBXTargetDependency;
			target = FE08EB2E2A86B3CE0044CD3D /* ScrollHideTest */;
			targetProxy = FE08EB402A86B3CF0044CD3D /* PBXContainerItemProxy */;
		};
		FE08EB4B2A86B3CF0044CD3D /* PBXTargetDependency */ = {
			isa = PBXTargetDependency;
			target = FE08EB2E2A86B3CE0044CD3D /* ScrollHideTest */;
			targetProxy = FE08EB4A2A86B3CF0044CD3D /* PBXContainerItemProxy */;
		};
/* End PBXTargetDependency section */

/* Begin XCBuildConfiguration section */
		FE08EB512A86B3CF0044CD3D /* Debug */ = {
			isa = XCBuildConfiguration;
			buildSettings = {
				ALWAYS_SEARCH_USER_PATHS = NO;
				CLANG_ANALYZER_NONNULL = YES;
				CLANG_ANALYZER_NUMBER_OBJECT_CONVERSION = YES_AGGRESSIVE;
				CLANG_CXX_LANGUAGE_STANDARD = "gnu++20";
				CLANG_ENABLE_MODULES = YES;
				CLANG_ENABLE_OBJC_ARC = YES;
				CLANG_ENABLE_OBJC_WEAK = YES;
				CLANG_WARN_BLOCK_CAPTURE_AUTORELEASING = YES;
				CLANG_WARN_BOOL_CONVERSION = YES;
				CLANG_WARN_COMMA = YES;
				CLANG_WARN_CONSTANT_CONVERSION = YES;
				CLANG_WARN_DEPRECATED_OBJC_IMPLEMENTATIONS = YES;
				CLANG_WARN_DIRECT_OBJC_ISA_USAGE = YES_ERROR;
				CLANG_WARN_DOCUMENTATION_COMMENTS = YES;
				CLANG_WARN_EMPTY_BODY = YES;
				CLANG_WARN_ENUM_CONVERSION = YES;
				CLANG_WARN_INFINITE_RECURSION = YES;
				CLANG_WARN_INT_CONVERSION = YES;
				CLANG_WARN_NON_LITERAL_NULL_CONVERSION = YES;
				CLANG_WARN_OBJC_IMPLICIT_RETAIN_SELF = YES;
				CLANG_WARN_OBJC_LITERAL_CONVERSION = YES;
				CLANG_WARN_OBJC_ROOT_CLASS = YES_ERROR;
				CLANG_WARN_QUOTED_INCLUDE_IN_FRAMEWORK_HEADER = YES;
				CLANG_WARN_RANGE_LOOP_ANALYSIS = YES;
				CLANG_WARN_STRICT_PROTOTYPES = YES;
				CLANG_WARN_SUSPICIOUS_MOVE = YES;
				CLANG_WARN_UNGUARDED_AVAILABILITY = YES_AGGRESSIVE;
				CLANG_WARN_UNREACHABLE_CODE = YES;
				CLANG_WARN__DUPLICATE_METHOD_MATCH = YES;
				COPY_PHASE_STRIP = NO;
				DEBUG_INFORMATION_FORMAT = dwarf;
				ENABLE_STRICT_OBJC_MSGSEND = YES;
				ENABLE_TESTABILITY = YES;
				GCC_C_LANGUAGE_STANDARD = gnu11;
				GCC_DYNAMIC_NO_PIC = NO;
				GCC_NO_COMMON_BLOCKS = YES;
				GCC_OPTIMIZATION_LEVEL = 0;
				GCC_PREPROCESSOR_DEFINITIONS = (
					"DEBUG=1",
					"$(inherited)",
				);
				GCC_WARN_64_TO_32_BIT_CONVERSION = YES;
				GCC_WARN_ABOUT_RETURN_TYPE = YES_ERROR;
				GCC_WARN_UNDECLARED_SELECTOR = YES;
				GCC_WARN_UNINITIALIZED_AUTOS = YES_AGGRESSIVE;
				GCC_WARN_UNUSED_FUNCTION = YES;
				GCC_WARN_UNUSED_VARIABLE = YES;
				IPHONEOS_DEPLOYMENT_TARGET = 16.4;
				MTL_ENABLE_DEBUG_INFO = INCLUDE_SOURCE;
				MTL_FAST_MATH = YES;
				ONLY_ACTIVE_ARCH = YES;
				SDKROOT = iphoneos;
				SWIFT_ACTIVE_COMPILATION_CONDITIONS = DEBUG;
				SWIFT_OPTIMIZATION_LEVEL = "-Onone";
			};
			name = Debug;
		};
		FE08EB522A86B3CF0044CD3D /* Release */ = {
			isa = XCBuildConfiguration;
			buildSettings = {
				ALWAYS_SEARCH_USER_PATHS = NO;
				CLANG_ANALYZER_NONNULL = YES;
				CLANG_ANALYZER_NUMBER_OBJECT_CONVERSION = YES_AGGRESSIVE;
				CLANG_CXX_LANGUAGE_STANDARD = "gnu++20";
				CLANG_ENABLE_MODULES = YES;
				CLANG_ENABLE_OBJC_ARC = YES;
				CLANG_ENABLE_OBJC_WEAK = YES;
				CLANG_WARN_BLOCK_CAPTURE_AUTORELEASING = YES;
				CLANG_WARN_BOOL_CONVERSION = YES;
				CLANG_WARN_COMMA = YES;
				CLANG_WARN_CONSTANT_CONVERSION = YES;
				CLANG_WARN_DEPRECATED_OBJC_IMPLEMENTATIONS = YES;
				CLANG_WARN_DIRECT_OBJC_ISA_USAGE = YES_ERROR;
				CLANG_WARN_DOCUMENTATION_COMMENTS = YES;
				CLANG_WARN_EMPTY_BODY = YES;
				CLANG_WARN_ENUM_CONVERSION = YES;
				CLANG_WARN_INFINITE_RECURSION = YES;
				CLANG_WARN_INT_CONVERSION = YES;
				CLANG_WARN_NON_LITERAL_NULL_CONVERSION = YES;
				CLANG_WARN_OBJC_IMPLICIT_RETAIN_SELF = YES;
				CLANG_WARN_OBJC_LITERAL_CONVERSION = YES;
				CLANG_WARN_OBJC_ROOT_CLASS = YES_ERROR;
				CLANG_WARN_QUOTED_INCLUDE_IN_FRAMEWORK_HEADER = YES;
				CLANG_WARN_RANGE_LOOP_ANALYSIS = YES;
				CLANG_WARN_STRICT_PROTOTYPES = YES;
				CLANG_WARN_SUSPICIOUS_MOVE = YES;
				CLANG_WARN_UNGUARDED_AVAILABILITY = YES_AGGRESSIVE;
				CLANG_WARN_UNREACHABLE_CODE = YES;
				CLANG_WARN__DUPLICATE_METHOD_MATCH = YES;
				COPY_PHASE_STRIP = NO;
				DEBUG_INFORMATION_FORMAT = "dwarf-with-dsym";
				ENABLE_NS_ASSERTIONS = NO;
				ENABLE_STRICT_OBJC_MSGSEND = YES;
				GCC_C_LANGUAGE_STANDARD = gnu11;
				GCC_NO_COMMON_BLOCKS = YES;
				GCC_WARN_64_TO_32_BIT_CONVERSION = YES;
				GCC_WARN_ABOUT_RETURN_TYPE = YES_ERROR;
				GCC_WARN_UNDECLARED_SELECTOR = YES;
				GCC_WARN_UNINITIALIZED_AUTOS = YES_AGGRESSIVE;
				GCC_WARN_UNUSED_FUNCTION = YES;
				GCC_WARN_UNUSED_VARIABLE = YES;
				IPHONEOS_DEPLOYMENT_TARGET = 16.4;
				MTL_ENABLE_DEBUG_INFO = NO;
				MTL_FAST_MATH = YES;
				SDKROOT = iphoneos;
				SWIFT_COMPILATION_MODE = wholemodule;
				SWIFT_OPTIMIZATION_LEVEL = "-O";
				VALIDATE_PRODUCT = YES;
			};
			name = Release;
		};
		FE08EB542A86B3CF0044CD3D /* Debug */ = {
			isa = XCBuildConfiguration;
			buildSettings = {
				ASSETCATALOG_COMPILER_APPICON_NAME = AppIcon;
				ASSETCATALOG_COMPILER_GLOBAL_ACCENT_COLOR_NAME = AccentColor;
				CODE_SIGN_STYLE = Automatic;
				CURRENT_PROJECT_VERSION = 1;
				DEVELOPMENT_ASSET_PATHS = "\"ScrollHideTest/Preview Content\"";
				DEVELOPMENT_TEAM = 4LBT7283WA;
				ENABLE_PREVIEWS = YES;
				GENERATE_INFOPLIST_FILE = YES;
				INFOPLIST_KEY_UIApplicationSceneManifest_Generation = YES;
				INFOPLIST_KEY_UIApplicationSupportsIndirectInputEvents = YES;
				INFOPLIST_KEY_UILaunchScreen_Generation = YES;
				INFOPLIST_KEY_UISupportedInterfaceOrientations_iPad = "UIInterfaceOrientationPortrait UIInterfaceOrientationPortraitUpsideDown UIInterfaceOrientationLandscapeLeft UIInterfaceOrientationLandscapeRight";
				INFOPLIST_KEY_UISupportedInterfaceOrientations_iPhone = "UIInterfaceOrientationPortrait UIInterfaceOrientationLandscapeLeft UIInterfaceOrientationLandscapeRight";
				LD_RUNPATH_SEARCH_PATHS = (
					"$(inherited)",
					"@executable_path/Frameworks",
				);
				MARKETING_VERSION = 1.0;
				PRODUCT_BUNDLE_IDENTIFIER = Sam.ScrollHideTest;
				PRODUCT_NAME = "$(TARGET_NAME)";
				SWIFT_EMIT_LOC_STRINGS = YES;
				SWIFT_VERSION = 5.0;
				TARGETED_DEVICE_FAMILY = "1,2";
			};
			name = Debug;
		};
		FE08EB552A86B3CF0044CD3D /* Release */ = {
			isa = XCBuildConfiguration;
			buildSettings = {
				ASSETCATALOG_COMPILER_APPICON_NAME = AppIcon;
				ASSETCATALOG_COMPILER_GLOBAL_ACCENT_COLOR_NAME = AccentColor;
				CODE_SIGN_STYLE = Automatic;
				CURRENT_PROJECT_VERSION = 1;
				DEVELOPMENT_ASSET_PATHS = "\"ScrollHideTest/Preview Content\"";
				DEVELOPMENT_TEAM = 4LBT7283WA;
				ENABLE_PREVIEWS = YES;
				GENERATE_INFOPLIST_FILE = YES;
				INFOPLIST_KEY_UIApplicationSceneManifest_Generation = YES;
				INFOPLIST_KEY_UIApplicationSupportsIndirectInputEvents = YES;
				INFOPLIST_KEY_UILaunchScreen_Generation = YES;
				INFOPLIST_KEY_UISupportedInterfaceOrientations_iPad = "UIInterfaceOrientationPortrait UIInterfaceOrientationPortraitUpsideDown UIInterfaceOrientationLandscapeLeft UIInterfaceOrientationLandscapeRight";
				INFOPLIST_KEY_UISupportedInterfaceOrientations_iPhone = "UIInterfaceOrientationPortrait UIInterfaceOrientationLandscapeLeft UIInterfaceOrientationLandscapeRight";
				LD_RUNPATH_SEARCH_PATHS = (
					"$(inherited)",
					"@executable_path/Frameworks",
				);
				MARKETING_VERSION = 1.0;
				PRODUCT_BUNDLE_IDENTIFIER = Sam.ScrollHideTest;
				PRODUCT_NAME = "$(TARGET_NAME)";
				SWIFT_EMIT_LOC_STRINGS = YES;
				SWIFT_VERSION = 5.0;
				TARGETED_DEVICE_FAMILY = "1,2";
			};
			name = Release;
		};
		FE08EB572A86B3CF0044CD3D /* Debug */ = {
			isa = XCBuildConfiguration;
			buildSettings = {
				ALWAYS_EMBED_SWIFT_STANDARD_LIBRARIES = YES;
				BUNDLE_LOADER = "$(TEST_HOST)";
				CODE_SIGN_STYLE = Automatic;
				CURRENT_PROJECT_VERSION = 1;
				DEVELOPMENT_TEAM = 4LBT7283WA;
				GENERATE_INFOPLIST_FILE = YES;
				IPHONEOS_DEPLOYMENT_TARGET = 16.4;
				MARKETING_VERSION = 1.0;
				PRODUCT_BUNDLE_IDENTIFIER = Sam.ScrollHideTestTests;
				PRODUCT_NAME = "$(TARGET_NAME)";
				SWIFT_EMIT_LOC_STRINGS = NO;
				SWIFT_VERSION = 5.0;
				TARGETED_DEVICE_FAMILY = "1,2";
				TEST_HOST = "$(BUILT_PRODUCTS_DIR)/ScrollHideTest.app/$(BUNDLE_EXECUTABLE_FOLDER_PATH)/ScrollHideTest";
			};
			name = Debug;
		};
		FE08EB582A86B3CF0044CD3D /* Release */ = {
			isa = XCBuildConfiguration;
			buildSettings = {
				ALWAYS_EMBED_SWIFT_STANDARD_LIBRARIES = YES;
				BUNDLE_LOADER = "$(TEST_HOST)";
				CODE_SIGN_STYLE = Automatic;
				CURRENT_PROJECT_VERSION = 1;
				DEVELOPMENT_TEAM = 4LBT7283WA;
				GENERATE_INFOPLIST_FILE = YES;
				IPHONEOS_DEPLOYMENT_TARGET = 16.4;
				MARKETING_VERSION = 1.0;
				PRODUCT_BUNDLE_IDENTIFIER = Sam.ScrollHideTestTests;
				PRODUCT_NAME = "$(TARGET_NAME)";
				SWIFT_EMIT_LOC_STRINGS = NO;
				SWIFT_VERSION = 5.0;
				TARGETED_DEVICE_FAMILY = "1,2";
				TEST_HOST = "$(BUILT_PRODUCTS_DIR)/ScrollHideTest.app/$(BUNDLE_EXECUTABLE_FOLDER_PATH)/ScrollHideTest";
			};
			name = Release;
		};
		FE08EB5A2A86B3CF0044CD3D /* Debug */ = {
			isa = XCBuildConfiguration;
			buildSettings = {
				ALWAYS_EMBED_SWIFT_STANDARD_LIBRARIES = YES;
				CODE_SIGN_STYLE = Automatic;
				CURRENT_PROJECT_VERSION = 1;
				DEVELOPMENT_TEAM = 4LBT7283WA;
				GENERATE_INFOPLIST_FILE = YES;
				MARKETING_VERSION = 1.0;
				PRODUCT_BUNDLE_IDENTIFIER = Sam.ScrollHideTestUITests;
				PRODUCT_NAME = "$(TARGET_NAME)";
				SWIFT_EMIT_LOC_STRINGS = NO;
				SWIFT_VERSION = 5.0;
				TARGETED_DEVICE_FAMILY = "1,2";
				TEST_TARGET_NAME = ScrollHideTest;
			};
			name = Debug;
		};
		FE08EB5B2A86B3CF0044CD3D /* Release */ = {
			isa = XCBuildConfiguration;
			buildSettings = {
				ALWAYS_EMBED_SWIFT_STANDARD_LIBRARIES = YES;
				CODE_SIGN_STYLE = Automatic;
				CURRENT_PROJECT_VERSION = 1;
				DEVELOPMENT_TEAM = 4LBT7283WA;
				GENERATE_INFOPLIST_FILE = YES;
				MARKETING_VERSION = 1.0;
				PRODUCT_BUNDLE_IDENTIFIER = Sam.ScrollHideTestUITests;
				PRODUCT_NAME = "$(TARGET_NAME)";
				SWIFT_EMIT_LOC_STRINGS = NO;
				SWIFT_VERSION = 5.0;
				TARGETED_DEVICE_FAMILY = "1,2";
				TEST_TARGET_NAME = ScrollHideTest;
			};
			name = Release;
		};
/* End XCBuildConfiguration section */

/* Begin XCConfigurationList section */
		FE08EB2A2A86B3CE0044CD3D /* Build configuration list for PBXProject "ScrollHideTest" */ = {
			isa = XCConfigurationList;
			buildConfigurations = (
				FE08EB512A86B3CF0044CD3D /* Debug */,
				FE08EB522A86B3CF0044CD3D /* Release */,
			);
			defaultConfigurationIsVisible = 0;
			defaultConfigurationName = Release;
		};
		FE08EB532A86B3CF0044CD3D /* Build configuration list for PBXNativeTarget "ScrollHideTest" */ = {
			isa = XCConfigurationList;
			buildConfigurations = (
				FE08EB542A86B3CF0044CD3D /* Debug */,
				FE08EB552A86B3CF0044CD3D /* Release */,
			);
			defaultConfigurationIsVisible = 0;
			defaultConfigurationName = Release;
		};
		FE08EB562A86B3CF0044CD3D /* Build configuration list for PBXNativeTarget "ScrollHideTestTests" */ = {
			isa = XCConfigurationList;
			buildConfigurations = (
				FE08EB572A86B3CF0044CD3D /* Debug */,
				FE08EB582A86B3CF0044CD3D /* Release */,
			);
			defaultConfigurationIsVisible = 0;
			defaultConfigurationName = Release;
		};
		FE08EB592A86B3CF0044CD3D /* Build configuration list for PBXNativeTarget "ScrollHideTestUITests" */ = {
			isa = XCConfigurationList;
			buildConfigurations = (
				FE08EB5A2A86B3CF0044CD3D /* Debug */,
				FE08EB5B2A86B3CF0044CD3D /* Release */,
			);
			defaultConfigurationIsVisible = 0;
			defaultConfigurationName = Release;
		};
/* End XCConfigurationList section */
	};
	rootObject = FE08EB272A86B3CE0044CD3D /* Project object */;
}
