// !$*UTF8*$!
{
	archiveVersion = 1;
	classes = {
	};
	objectVersion = 56;
	objects = {

/* Begin PBXBuildFile section */
		FE138A1B2A033B95007B2F16 /* NewShimmerView.swift in Sources */ = {isa = PBXBuildFile; fileRef = FE138A1A2A033B95007B2F16 /* NewShimmerView.swift */; };
		FE88991F2A0198C000B6F596 /* ShimmerTestApp.swift in Sources */ = {isa = PBXBuildFile; fileRef = FE88991E2A0198C000B6F596 /* ShimmerTestApp.swift */; };
		FE8899212A0198C000B6F596 /* ContentView.swift in Sources */ = {isa = PBXBuildFile; fileRef = FE8899202A0198C000B6F596 /* ContentView.swift */; };
		FE8899232A0198C100B6F596 /* Assets.xcassets in Resources */ = {isa = PBXBuildFile; fileRef = FE8899222A0198C100B6F596 /* Assets.xcassets */; };
		FE8899262A0198C100B6F596 /* Preview Assets.xcassets in Resources */ = {isa = PBXBuildFile; fileRef = FE8899252A0198C100B6F596 /* Preview Assets.xcassets */; };
		FE8899302A0198C100B6F596 /* ShimmerTestTests.swift in Sources */ = {isa = PBXBuildFile; fileRef = FE88992F2A0198C100B6F596 /* ShimmerTestTests.swift */; };
		FE88993A2A0198C100B6F596 /* ShimmerTestUITests.swift in Sources */ = {isa = PBXBuildFile; fileRef = FE8899392A0198C100B6F596 /* ShimmerTestUITests.swift */; };
		FE88993C2A0198C100B6F596 /* ShimmerTestUITestsLaunchTests.swift in Sources */ = {isa = PBXBuildFile; fileRef = FE88993B2A0198C100B6F596 /* ShimmerTestUITestsLaunchTests.swift */; };
		FE8899492A01AC5900B6F596 /* ShimmerEffectBox.swift in Sources */ = {isa = PBXBuildFile; fileRef = FE8899482A01AC5900B6F596 /* ShimmerEffectBox.swift */; };
		FE88994B2A01AF7600B6F596 /* ContentLoader.swift in Sources */ = {isa = PBXBuildFile; fileRef = FE88994A2A01AF7600B6F596 /* ContentLoader.swift */; };
/* End PBXBuildFile section */

/* Begin PBXContainerItemProxy section */
		FE88992C2A0198C100B6F596 /* PBXContainerItemProxy */ = {
			isa = PBXContainerItemProxy;
			containerPortal = FE8899132A0198C000B6F596 /* Project object */;
			proxyType = 1;
			remoteGlobalIDString = FE88991A2A0198C000B6F596;
			remoteInfo = ShimmerTest;
		};
		FE8899362A0198C100B6F596 /* PBXContainerItemProxy */ = {
			isa = PBXContainerItemProxy;
			containerPortal = FE8899132A0198C000B6F596 /* Project object */;
			proxyType = 1;
			remoteGlobalIDString = FE88991A2A0198C000B6F596;
			remoteInfo = ShimmerTest;
		};
/* End PBXContainerItemProxy section */

/* Begin PBXFileReference section */
		FE138A1A2A033B95007B2F16 /* NewShimmerView.swift */ = {isa = PBXFileReference; lastKnownFileType = sourcecode.swift; path = NewShimmerView.swift; sourceTree = "<group>"; };
		FE88991B2A0198C000B6F596 /* ShimmerTest.app */ = {isa = PBXFileReference; explicitFileType = wrapper.application; includeInIndex = 0; path = ShimmerTest.app; sourceTree = BUILT_PRODUCTS_DIR; };
		FE88991E2A0198C000B6F596 /* ShimmerTestApp.swift */ = {isa = PBXFileReference; lastKnownFileType = sourcecode.swift; path = ShimmerTestApp.swift; sourceTree = "<group>"; };
		FE8899202A0198C000B6F596 /* ContentView.swift */ = {isa = PBXFileReference; lastKnownFileType = sourcecode.swift; path = ContentView.swift; sourceTree = "<group>"; };
		FE8899222A0198C100B6F596 /* Assets.xcassets */ = {isa = PBXFileReference; lastKnownFileType = folder.assetcatalog; path = Assets.xcassets; sourceTree = "<group>"; };
		FE8899252A0198C100B6F596 /* Preview Assets.xcassets */ = {isa = PBXFileReference; lastKnownFileType = folder.assetcatalog; path = "Preview Assets.xcassets"; sourceTree = "<group>"; };
		FE88992B2A0198C100B6F596 /* ShimmerTestTests.xctest */ = {isa = PBXFileReference; explicitFileType = wrapper.cfbundle; includeInIndex = 0; path = ShimmerTestTests.xctest; sourceTree = BUILT_PRODUCTS_DIR; };
		FE88992F2A0198C100B6F596 /* ShimmerTestTests.swift */ = {isa = PBXFileReference; lastKnownFileType = sourcecode.swift; path = ShimmerTestTests.swift; sourceTree = "<group>"; };
		FE8899352A0198C100B6F596 /* ShimmerTestUITests.xctest */ = {isa = PBXFileReference; explicitFileType = wrapper.cfbundle; includeInIndex = 0; path = ShimmerTestUITests.xctest; sourceTree = BUILT_PRODUCTS_DIR; };
		FE8899392A0198C100B6F596 /* ShimmerTestUITests.swift */ = {isa = PBXFileReference; lastKnownFileType = sourcecode.swift; path = ShimmerTestUITests.swift; sourceTree = "<group>"; };
		FE88993B2A0198C100B6F596 /* ShimmerTestUITestsLaunchTests.swift */ = {isa = PBXFileReference; lastKnownFileType = sourcecode.swift; path = ShimmerTestUITestsLaunchTests.swift; sourceTree = "<group>"; };
		FE8899482A01AC5900B6F596 /* ShimmerEffectBox.swift */ = {isa = PBXFileReference; lastKnownFileType = sourcecode.swift; path = ShimmerEffectBox.swift; sourceTree = "<group>"; };
		FE88994A2A01AF7600B6F596 /* ContentLoader.swift */ = {isa = PBXFileReference; lastKnownFileType = sourcecode.swift; path = ContentLoader.swift; sourceTree = "<group>"; };
/* End PBXFileReference section */

/* Begin PBXFrameworksBuildPhase section */
		FE8899182A0198C000B6F596 /* Frameworks */ = {
			isa = PBXFrameworksBuildPhase;
			buildActionMask = 2147483647;
			files = (
			);
			runOnlyForDeploymentPostprocessing = 0;
		};
		FE8899282A0198C100B6F596 /* Frameworks */ = {
			isa = PBXFrameworksBuildPhase;
			buildActionMask = 2147483647;
			files = (
			);
			runOnlyForDeploymentPostprocessing = 0;
		};
		FE8899322A0198C100B6F596 /* Frameworks */ = {
			isa = PBXFrameworksBuildPhase;
			buildActionMask = 2147483647;
			files = (
			);
			runOnlyForDeploymentPostprocessing = 0;
		};
/* End PBXFrameworksBuildPhase section */

/* Begin PBXGroup section */
		FE8899122A0198C000B6F596 = {
			isa = PBXGroup;
			children = (
				FE88991D2A0198C000B6F596 /* ShimmerTest */,
				FE88992E2A0198C100B6F596 /* ShimmerTestTests */,
				FE8899382A0198C100B6F596 /* ShimmerTestUITests */,
				FE88991C2A0198C000B6F596 /* Products */,
			);
			sourceTree = "<group>";
		};
		FE88991C2A0198C000B6F596 /* Products */ = {
			isa = PBXGroup;
			children = (
				FE88991B2A0198C000B6F596 /* ShimmerTest.app */,
				FE88992B2A0198C100B6F596 /* ShimmerTestTests.xctest */,
				FE8899352A0198C100B6F596 /* ShimmerTestUITests.xctest */,
			);
			name = Products;
			sourceTree = "<group>";
		};
		FE88991D2A0198C000B6F596 /* ShimmerTest */ = {
			isa = PBXGroup;
			children = (
				FE88991E2A0198C000B6F596 /* ShimmerTestApp.swift */,
				FE8899202A0198C000B6F596 /* ContentView.swift */,
				FE8899222A0198C100B6F596 /* Assets.xcassets */,
				FE8899242A0198C100B6F596 /* Preview Content */,
				FE8899482A01AC5900B6F596 /* ShimmerEffectBox.swift */,
				FE88994A2A01AF7600B6F596 /* ContentLoader.swift */,
				FE138A1A2A033B95007B2F16 /* NewShimmerView.swift */,
			);
			path = ShimmerTest;
			sourceTree = "<group>";
		};
		FE8899242A0198C100B6F596 /* Preview Content */ = {
			isa = PBXGroup;
			children = (
				FE8899252A0198C100B6F596 /* Preview Assets.xcassets */,
			);
			path = "Preview Content";
			sourceTree = "<group>";
		};
		FE88992E2A0198C100B6F596 /* ShimmerTestTests */ = {
			isa = PBXGroup;
			children = (
				FE88992F2A0198C100B6F596 /* ShimmerTestTests.swift */,
			);
			path = ShimmerTestTests;
			sourceTree = "<group>";
		};
		FE8899382A0198C100B6F596 /* ShimmerTestUITests */ = {
			isa = PBXGroup;
			children = (
				FE8899392A0198C100B6F596 /* ShimmerTestUITests.swift */,
				FE88993B2A0198C100B6F596 /* ShimmerTestUITestsLaunchTests.swift */,
			);
			path = ShimmerTestUITests;
			sourceTree = "<group>";
		};
/* End PBXGroup section */

/* Begin PBXNativeTarget section */
		FE88991A2A0198C000B6F596 /* ShimmerTest */ = {
			isa = PBXNativeTarget;
			buildConfigurationList = FE88993F2A0198C100B6F596 /* Build configuration list for PBXNativeTarget "ShimmerTest" */;
			buildPhases = (
				FE8899172A0198C000B6F596 /* Sources */,
				FE8899182A0198C000B6F596 /* Frameworks */,
				FE8899192A0198C000B6F596 /* Resources */,
			);
			buildRules = (
			);
			dependencies = (
			);
			name = ShimmerTest;
			productName = ShimmerTest;
			productReference = FE88991B2A0198C000B6F596 /* ShimmerTest.app */;
			productType = "com.apple.product-type.application";
		};
		FE88992A2A0198C100B6F596 /* ShimmerTestTests */ = {
			isa = PBXNativeTarget;
			buildConfigurationList = FE8899422A0198C100B6F596 /* Build configuration list for PBXNativeTarget "ShimmerTestTests" */;
			buildPhases = (
				FE8899272A0198C100B6F596 /* Sources */,
				FE8899282A0198C100B6F596 /* Frameworks */,
				FE8899292A0198C100B6F596 /* Resources */,
			);
			buildRules = (
			);
			dependencies = (
				FE88992D2A0198C100B6F596 /* PBXTargetDependency */,
			);
			name = ShimmerTestTests;
			productName = ShimmerTestTests;
			productReference = FE88992B2A0198C100B6F596 /* ShimmerTestTests.xctest */;
			productType = "com.apple.product-type.bundle.unit-test";
		};
		FE8899342A0198C100B6F596 /* ShimmerTestUITests */ = {
			isa = PBXNativeTarget;
			buildConfigurationList = FE8899452A0198C100B6F596 /* Build configuration list for PBXNativeTarget "ShimmerTestUITests" */;
			buildPhases = (
				FE8899312A0198C100B6F596 /* Sources */,
				FE8899322A0198C100B6F596 /* Frameworks */,
				FE8899332A0198C100B6F596 /* Resources */,
			);
			buildRules = (
			);
			dependencies = (
				FE8899372A0198C100B6F596 /* PBXTargetDependency */,
			);
			name = ShimmerTestUITests;
			productName = ShimmerTestUITests;
			productReference = FE8899352A0198C100B6F596 /* ShimmerTestUITests.xctest */;
			productType = "com.apple.product-type.bundle.ui-testing";
		};
/* End PBXNativeTarget section */

/* Begin PBXProject section */
		FE8899132A0198C000B6F596 /* Project object */ = {
			isa = PBXProject;
			attributes = {
				BuildIndependentTargetsInParallel = 1;
				LastSwiftUpdateCheck = 1420;
				LastUpgradeCheck = 1420;
				TargetAttributes = {
					FE88991A2A0198C000B6F596 = {
						CreatedOnToolsVersion = 14.2;
					};
					FE88992A2A0198C100B6F596 = {
						CreatedOnToolsVersion = 14.2;
						TestTargetID = FE88991A2A0198C000B6F596;
					};
					FE8899342A0198C100B6F596 = {
						CreatedOnToolsVersion = 14.2;
						TestTargetID = FE88991A2A0198C000B6F596;
					};
				};
			};
			buildConfigurationList = FE8899162A0198C000B6F596 /* Build configuration list for PBXProject "ShimmerTest" */;
			compatibilityVersion = "Xcode 14.0";
			developmentRegion = en;
			hasScannedForEncodings = 0;
			knownRegions = (
				en,
				Base,
			);
			mainGroup = FE8899122A0198C000B6F596;
			productRefGroup = FE88991C2A0198C000B6F596 /* Products */;
			projectDirPath = "";
			projectRoot = "";
			targets = (
				FE88991A2A0198C000B6F596 /* ShimmerTest */,
				FE88992A2A0198C100B6F596 /* ShimmerTestTests */,
				FE8899342A0198C100B6F596 /* ShimmerTestUITests */,
			);
		};
/* End PBXProject section */

/* Begin PBXResourcesBuildPhase section */
		FE8899192A0198C000B6F596 /* Resources */ = {
			isa = PBXResourcesBuildPhase;
			buildActionMask = 2147483647;
			files = (
				FE8899262A0198C100B6F596 /* Preview Assets.xcassets in Resources */,
				FE8899232A0198C100B6F596 /* Assets.xcassets in Resources */,
			);
			runOnlyForDeploymentPostprocessing = 0;
		};
		FE8899292A0198C100B6F596 /* Resources */ = {
			isa = PBXResourcesBuildPhase;
			buildActionMask = 2147483647;
			files = (
			);
			runOnlyForDeploymentPostprocessing = 0;
		};
		FE8899332A0198C100B6F596 /* Resources */ = {
			isa = PBXResourcesBuildPhase;
			buildActionMask = 2147483647;
			files = (
			);
			runOnlyForDeploymentPostprocessing = 0;
		};
/* End PBXResourcesBuildPhase section */

/* Begin PBXSourcesBuildPhase section */
		FE8899172A0198C000B6F596 /* Sources */ = {
			isa = PBXSourcesBuildPhase;
			buildActionMask = 2147483647;
			files = (
				FE88994B2A01AF7600B6F596 /* ContentLoader.swift in Sources */,
				FE8899212A0198C000B6F596 /* ContentView.swift in Sources */,
				FE88991F2A0198C000B6F596 /* ShimmerTestApp.swift in Sources */,
				FE138A1B2A033B95007B2F16 /* NewShimmerView.swift in Sources */,
				FE8899492A01AC5900B6F596 /* ShimmerEffectBox.swift in Sources */,
			);
			runOnlyForDeploymentPostprocessing = 0;
		};
		FE8899272A0198C100B6F596 /* Sources */ = {
			isa = PBXSourcesBuildPhase;
			buildActionMask = 2147483647;
			files = (
				FE8899302A0198C100B6F596 /* ShimmerTestTests.swift in Sources */,
			);
			runOnlyForDeploymentPostprocessing = 0;
		};
		FE8899312A0198C100B6F596 /* Sources */ = {
			isa = PBXSourcesBuildPhase;
			buildActionMask = 2147483647;
			files = (
				FE88993C2A0198C100B6F596 /* ShimmerTestUITestsLaunchTests.swift in Sources */,
				FE88993A2A0198C100B6F596 /* ShimmerTestUITests.swift in Sources */,
			);
			runOnlyForDeploymentPostprocessing = 0;
		};
/* End PBXSourcesBuildPhase section */

/* Begin PBXTargetDependency section */
		FE88992D2A0198C100B6F596 /* PBXTargetDependency */ = {
			isa = PBXTargetDependency;
			target = FE88991A2A0198C000B6F596 /* ShimmerTest */;
			targetProxy = FE88992C2A0198C100B6F596 /* PBXContainerItemProxy */;
		};
		FE8899372A0198C100B6F596 /* PBXTargetDependency */ = {
			isa = PBXTargetDependency;
			target = FE88991A2A0198C000B6F596 /* ShimmerTest */;
			targetProxy = FE8899362A0198C100B6F596 /* PBXContainerItemProxy */;
		};
/* End PBXTargetDependency section */

/* Begin XCBuildConfiguration section */
		FE88993D2A0198C100B6F596 /* Debug */ = {
			isa = XCBuildConfiguration;
			buildSettings = {
				ALWAYS_SEARCH_USER_PATHS = NO;
				CLANG_ANALYZER_NONNULL = YES;
				CLANG_ANALYZER_NUMBER_OBJECT_CONVERSION = YES_AGGRESSIVE;
				CLANG_CXX_LANGUAGE_STANDARD = "gnu++20";
				CLANG_ENABLE_MODULES = YES;
				CLANG_ENABLE_OBJC_ARC = YES;
				CLANG_ENABLE_OBJC_WEAK = YES;
				CLANG_WARN_BLOCK_CAPTURE_AUTORELEASING = YES;
				CLANG_WARN_BOOL_CONVERSION = YES;
				CLANG_WARN_COMMA = YES;
				CLANG_WARN_CONSTANT_CONVERSION = YES;
				CLANG_WARN_DEPRECATED_OBJC_IMPLEMENTATIONS = YES;
				CLANG_WARN_DIRECT_OBJC_ISA_USAGE = YES_ERROR;
				CLANG_WARN_DOCUMENTATION_COMMENTS = YES;
				CLANG_WARN_EMPTY_BODY = YES;
				CLANG_WARN_ENUM_CONVERSION = YES;
				CLANG_WARN_INFINITE_RECURSION = YES;
				CLANG_WARN_INT_CONVERSION = YES;
				CLANG_WARN_NON_LITERAL_NULL_CONVERSION = YES;
				CLANG_WARN_OBJC_IMPLICIT_RETAIN_SELF = YES;
				CLANG_WARN_OBJC_LITERAL_CONVERSION = YES;
				CLANG_WARN_OBJC_ROOT_CLASS = YES_ERROR;
				CLANG_WARN_QUOTED_INCLUDE_IN_FRAMEWORK_HEADER = YES;
				CLANG_WARN_RANGE_LOOP_ANALYSIS = YES;
				CLANG_WARN_STRICT_PROTOTYPES = YES;
				CLANG_WARN_SUSPICIOUS_MOVE = YES;
				CLANG_WARN_UNGUARDED_AVAILABILITY = YES_AGGRESSIVE;
				CLANG_WARN_UNREACHABLE_CODE = YES;
				CLANG_WARN__DUPLICATE_METHOD_MATCH = YES;
				COPY_PHASE_STRIP = NO;
				DEBUG_INFORMATION_FORMAT = dwarf;
				ENABLE_STRICT_OBJC_MSGSEND = YES;
				ENABLE_TESTABILITY = YES;
				GCC_C_LANGUAGE_STANDARD = gnu11;
				GCC_DYNAMIC_NO_PIC = NO;
				GCC_NO_COMMON_BLOCKS = YES;
				GCC_OPTIMIZATION_LEVEL = 0;
				GCC_PREPROCESSOR_DEFINITIONS = (
					"DEBUG=1",
					"$(inherited)",
				);
				GCC_WARN_64_TO_32_BIT_CONVERSION = YES;
				GCC_WARN_ABOUT_RETURN_TYPE = YES_ERROR;
				GCC_WARN_UNDECLARED_SELECTOR = YES;
				GCC_WARN_UNINITIALIZED_AUTOS = YES_AGGRESSIVE;
				GCC_WARN_UNUSED_FUNCTION = YES;
				GCC_WARN_UNUSED_VARIABLE = YES;
				IPHONEOS_DEPLOYMENT_TARGET = 16.2;
				MTL_ENABLE_DEBUG_INFO = INCLUDE_SOURCE;
				MTL_FAST_MATH = YES;
				ONLY_ACTIVE_ARCH = YES;
				SDKROOT = iphoneos;
				SWIFT_ACTIVE_COMPILATION_CONDITIONS = DEBUG;
				SWIFT_OPTIMIZATION_LEVEL = "-Onone";
			};
			name = Debug;
		};
		FE88993E2A0198C100B6F596 /* Release */ = {
			isa = XCBuildConfiguration;
			buildSettings = {
				ALWAYS_SEARCH_USER_PATHS = NO;
				CLANG_ANALYZER_NONNULL = YES;
				CLANG_ANALYZER_NUMBER_OBJECT_CONVERSION = YES_AGGRESSIVE;
				CLANG_CXX_LANGUAGE_STANDARD = "gnu++20";
				CLANG_ENABLE_MODULES = YES;
				CLANG_ENABLE_OBJC_ARC = YES;
				CLANG_ENABLE_OBJC_WEAK = YES;
				CLANG_WARN_BLOCK_CAPTURE_AUTORELEASING = YES;
				CLANG_WARN_BOOL_CONVERSION = YES;
				CLANG_WARN_COMMA = YES;
				CLANG_WARN_CONSTANT_CONVERSION = YES;
				CLANG_WARN_DEPRECATED_OBJC_IMPLEMENTATIONS = YES;
				CLANG_WARN_DIRECT_OBJC_ISA_USAGE = YES_ERROR;
				CLANG_WARN_DOCUMENTATION_COMMENTS = YES;
				CLANG_WARN_EMPTY_BODY = YES;
				CLANG_WARN_ENUM_CONVERSION = YES;
				CLANG_WARN_INFINITE_RECURSION = YES;
				CLANG_WARN_INT_CONVERSION = YES;
				CLANG_WARN_NON_LITERAL_NULL_CONVERSION = YES;
				CLANG_WARN_OBJC_IMPLICIT_RETAIN_SELF = YES;
				CLANG_WARN_OBJC_LITERAL_CONVERSION = YES;
				CLANG_WARN_OBJC_ROOT_CLASS = YES_ERROR;
				CLANG_WARN_QUOTED_INCLUDE_IN_FRAMEWORK_HEADER = YES;
				CLANG_WARN_RANGE_LOOP_ANALYSIS = YES;
				CLANG_WARN_STRICT_PROTOTYPES = YES;
				CLANG_WARN_SUSPICIOUS_MOVE = YES;
				CLANG_WARN_UNGUARDED_AVAILABILITY = YES_AGGRESSIVE;
				CLANG_WARN_UNREACHABLE_CODE = YES;
				CLANG_WARN__DUPLICATE_METHOD_MATCH = YES;
				COPY_PHASE_STRIP = NO;
				DEBUG_INFORMATION_FORMAT = "dwarf-with-dsym";
				ENABLE_NS_ASSERTIONS = NO;
				ENABLE_STRICT_OBJC_MSGSEND = YES;
				GCC_C_LANGUAGE_STANDARD = gnu11;
				GCC_NO_COMMON_BLOCKS = YES;
				GCC_WARN_64_TO_32_BIT_CONVERSION = YES;
				GCC_WARN_ABOUT_RETURN_TYPE = YES_ERROR;
				GCC_WARN_UNDECLARED_SELECTOR = YES;
				GCC_WARN_UNINITIALIZED_AUTOS = YES_AGGRESSIVE;
				GCC_WARN_UNUSED_FUNCTION = YES;
				GCC_WARN_UNUSED_VARIABLE = YES;
				IPHONEOS_DEPLOYMENT_TARGET = 16.2;
				MTL_ENABLE_DEBUG_INFO = NO;
				MTL_FAST_MATH = YES;
				SDKROOT = iphoneos;
				SWIFT_COMPILATION_MODE = wholemodule;
				SWIFT_OPTIMIZATION_LEVEL = "-O";
				VALIDATE_PRODUCT = YES;
			};
			name = Release;
		};
		FE8899402A0198C100B6F596 /* Debug */ = {
			isa = XCBuildConfiguration;
			buildSettings = {
				ASSETCATALOG_COMPILER_APPICON_NAME = AppIcon;
				ASSETCATALOG_COMPILER_GLOBAL_ACCENT_COLOR_NAME = AccentColor;
				CODE_SIGN_STYLE = Automatic;
				CURRENT_PROJECT_VERSION = 1;
				DEVELOPMENT_ASSET_PATHS = "\"ShimmerTest/Preview Content\"";
				DEVELOPMENT_TEAM = 4LBT7283WA;
				ENABLE_PREVIEWS = YES;
				GENERATE_INFOPLIST_FILE = YES;
				INFOPLIST_KEY_UIApplicationSceneManifest_Generation = YES;
				INFOPLIST_KEY_UIApplicationSupportsIndirectInputEvents = YES;
				INFOPLIST_KEY_UILaunchScreen_Generation = YES;
				INFOPLIST_KEY_UISupportedInterfaceOrientations_iPad = "UIInterfaceOrientationPortrait UIInterfaceOrientationPortraitUpsideDown UIInterfaceOrientationLandscapeLeft UIInterfaceOrientationLandscapeRight";
				INFOPLIST_KEY_UISupportedInterfaceOrientations_iPhone = "UIInterfaceOrientationPortrait UIInterfaceOrientationLandscapeLeft UIInterfaceOrientationLandscapeRight";
				LD_RUNPATH_SEARCH_PATHS = (
					"$(inherited)",
					"@executable_path/Frameworks",
				);
				MARKETING_VERSION = 1.0;
				PRODUCT_BUNDLE_IDENTIFIER = Sam.ShimmerTest;
				PRODUCT_NAME = "$(TARGET_NAME)";
				SWIFT_EMIT_LOC_STRINGS = YES;
				SWIFT_VERSION = 5.0;
				TARGETED_DEVICE_FAMILY = "1,2";
			};
			name = Debug;
		};
		FE8899412A0198C100B6F596 /* Release */ = {
			isa = XCBuildConfiguration;
			buildSettings = {
				ASSETCATALOG_COMPILER_APPICON_NAME = AppIcon;
				ASSETCATALOG_COMPILER_GLOBAL_ACCENT_COLOR_NAME = AccentColor;
				CODE_SIGN_STYLE = Automatic;
				CURRENT_PROJECT_VERSION = 1;
				DEVELOPMENT_ASSET_PATHS = "\"ShimmerTest/Preview Content\"";
				DEVELOPMENT_TEAM = 4LBT7283WA;
				ENABLE_PREVIEWS = YES;
				GENERATE_INFOPLIST_FILE = YES;
				INFOPLIST_KEY_UIApplicationSceneManifest_Generation = YES;
				INFOPLIST_KEY_UIApplicationSupportsIndirectInputEvents = YES;
				INFOPLIST_KEY_UILaunchScreen_Generation = YES;
				INFOPLIST_KEY_UISupportedInterfaceOrientations_iPad = "UIInterfaceOrientationPortrait UIInterfaceOrientationPortraitUpsideDown UIInterfaceOrientationLandscapeLeft UIInterfaceOrientationLandscapeRight";
				INFOPLIST_KEY_UISupportedInterfaceOrientations_iPhone = "UIInterfaceOrientationPortrait UIInterfaceOrientationLandscapeLeft UIInterfaceOrientationLandscapeRight";
				LD_RUNPATH_SEARCH_PATHS = (
					"$(inherited)",
					"@executable_path/Frameworks",
				);
				MARKETING_VERSION = 1.0;
				PRODUCT_BUNDLE_IDENTIFIER = Sam.ShimmerTest;
				PRODUCT_NAME = "$(TARGET_NAME)";
				SWIFT_EMIT_LOC_STRINGS = YES;
				SWIFT_VERSION = 5.0;
				TARGETED_DEVICE_FAMILY = "1,2";
			};
			name = Release;
		};
		FE8899432A0198C100B6F596 /* Debug */ = {
			isa = XCBuildConfiguration;
			buildSettings = {
				ALWAYS_EMBED_SWIFT_STANDARD_LIBRARIES = YES;
				BUNDLE_LOADER = "$(TEST_HOST)";
				CODE_SIGN_STYLE = Automatic;
				CURRENT_PROJECT_VERSION = 1;
				DEVELOPMENT_TEAM = 4LBT7283WA;
				GENERATE_INFOPLIST_FILE = YES;
				IPHONEOS_DEPLOYMENT_TARGET = 16.2;
				MARKETING_VERSION = 1.0;
				PRODUCT_BUNDLE_IDENTIFIER = Sam.ShimmerTestTests;
				PRODUCT_NAME = "$(TARGET_NAME)";
				SWIFT_EMIT_LOC_STRINGS = NO;
				SWIFT_VERSION = 5.0;
				TARGETED_DEVICE_FAMILY = "1,2";
				TEST_HOST = "$(BUILT_PRODUCTS_DIR)/ShimmerTest.app/$(BUNDLE_EXECUTABLE_FOLDER_PATH)/ShimmerTest";
			};
			name = Debug;
		};
		FE8899442A0198C100B6F596 /* Release */ = {
			isa = XCBuildConfiguration;
			buildSettings = {
				ALWAYS_EMBED_SWIFT_STANDARD_LIBRARIES = YES;
				BUNDLE_LOADER = "$(TEST_HOST)";
				CODE_SIGN_STYLE = Automatic;
				CURRENT_PROJECT_VERSION = 1;
				DEVELOPMENT_TEAM = 4LBT7283WA;
				GENERATE_INFOPLIST_FILE = YES;
				IPHONEOS_DEPLOYMENT_TARGET = 16.2;
				MARKETING_VERSION = 1.0;
				PRODUCT_BUNDLE_IDENTIFIER = Sam.ShimmerTestTests;
				PRODUCT_NAME = "$(TARGET_NAME)";
				SWIFT_EMIT_LOC_STRINGS = NO;
				SWIFT_VERSION = 5.0;
				TARGETED_DEVICE_FAMILY = "1,2";
				TEST_HOST = "$(BUILT_PRODUCTS_DIR)/ShimmerTest.app/$(BUNDLE_EXECUTABLE_FOLDER_PATH)/ShimmerTest";
			};
			name = Release;
		};
		FE8899462A0198C100B6F596 /* Debug */ = {
			isa = XCBuildConfiguration;
			buildSettings = {
				ALWAYS_EMBED_SWIFT_STANDARD_LIBRARIES = YES;
				CODE_SIGN_STYLE = Automatic;
				CURRENT_PROJECT_VERSION = 1;
				DEVELOPMENT_TEAM = 4LBT7283WA;
				GENERATE_INFOPLIST_FILE = YES;
				MARKETING_VERSION = 1.0;
				PRODUCT_BUNDLE_IDENTIFIER = Sam.ShimmerTestUITests;
				PRODUCT_NAME = "$(TARGET_NAME)";
				SWIFT_EMIT_LOC_STRINGS = NO;
				SWIFT_VERSION = 5.0;
				TARGETED_DEVICE_FAMILY = "1,2";
				TEST_TARGET_NAME = ShimmerTest;
			};
			name = Debug;
		};
		FE8899472A0198C100B6F596 /* Release */ = {
			isa = XCBuildConfiguration;
			buildSettings = {
				ALWAYS_EMBED_SWIFT_STANDARD_LIBRARIES = YES;
				CODE_SIGN_STYLE = Automatic;
				CURRENT_PROJECT_VERSION = 1;
				DEVELOPMENT_TEAM = 4LBT7283WA;
				GENERATE_INFOPLIST_FILE = YES;
				MARKETING_VERSION = 1.0;
				PRODUCT_BUNDLE_IDENTIFIER = Sam.ShimmerTestUITests;
				PRODUCT_NAME = "$(TARGET_NAME)";
				SWIFT_EMIT_LOC_STRINGS = NO;
				SWIFT_VERSION = 5.0;
				TARGETED_DEVICE_FAMILY = "1,2";
				TEST_TARGET_NAME = ShimmerTest;
			};
			name = Release;
		};
/* End XCBuildConfiguration section */

/* Begin XCConfigurationList section */
		FE8899162A0198C000B6F596 /* Build configuration list for PBXProject "ShimmerTest" */ = {
			isa = XCConfigurationList;
			buildConfigurations = (
				FE88993D2A0198C100B6F596 /* Debug */,
				FE88993E2A0198C100B6F596 /* Release */,
			);
			defaultConfigurationIsVisible = 0;
			defaultConfigurationName = Release;
		};
		FE88993F2A0198C100B6F596 /* Build configuration list for PBXNativeTarget "ShimmerTest" */ = {
			isa = XCConfigurationList;
			buildConfigurations = (
				FE8899402A0198C100B6F596 /* Debug */,
				FE8899412A0198C100B6F596 /* Release */,
			);
			defaultConfigurationIsVisible = 0;
			defaultConfigurationName = Release;
		};
		FE8899422A0198C100B6F596 /* Build configuration list for PBXNativeTarget "ShimmerTestTests" */ = {
			isa = XCConfigurationList;
			buildConfigurations = (
				FE8899432A0198C100B6F596 /* Debug */,
				FE8899442A0198C100B6F596 /* Release */,
			);
			defaultConfigurationIsVisible = 0;
			defaultConfigurationName = Release;
		};
		FE8899452A0198C100B6F596 /* Build configuration list for PBXNativeTarget "ShimmerTestUITests" */ = {
			isa = XCConfigurationList;
			buildConfigurations = (
				FE8899462A0198C100B6F596 /* Debug */,
				FE8899472A0198C100B6F596 /* Release */,
			);
			defaultConfigurationIsVisible = 0;
			defaultConfigurationName = Release;
		};
/* End XCConfigurationList section */
	};
	rootObject = FE8899132A0198C000B6F596 /* Project object */;
}
