// !$*UTF8*$!
{
	archiveVersion = 1;
	classes = {
	};
	objectVersion = 56;
	objects = {

/* Begin PBXBuildFile section */
		FEA98B412A6EFFE300C89EB4 /* CustomKeyboardTestApp.swift in Sources */ = {isa = PBXBuildFile; fileRef = FEA98B402A6EFFE300C89EB4 /* CustomKeyboardTestApp.swift */; };
		FEA98B432A6EFFE300C89EB4 /* ContentView.swift in Sources */ = {isa = PBXBuildFile; fileRef = FEA98B422A6EFFE300C89EB4 /* ContentView.swift */; };
		FEA98B452A6EFFE400C89EB4 /* Assets.xcassets in Resources */ = {isa = PBXBuildFile; fileRef = FEA98B442A6EFFE400C89EB4 /* Assets.xcassets */; };
		FEA98B482A6EFFE400C89EB4 /* Preview Assets.xcassets in Resources */ = {isa = PBXBuildFile; fileRef = FEA98B472A6EFFE400C89EB4 /* Preview Assets.xcassets */; };
		FEA98B522A6EFFE400C89EB4 /* CustomKeyboardTestTests.swift in Sources */ = {isa = PBXBuildFile; fileRef = FEA98B512A6EFFE400C89EB4 /* CustomKeyboardTestTests.swift */; };
		FEA98B5C2A6EFFE400C89EB4 /* CustomKeyboardTestUITests.swift in Sources */ = {isa = PBXBuildFile; fileRef = FEA98B5B2A6EFFE400C89EB4 /* CustomKeyboardTestUITests.swift */; };
		FEA98B5E2A6EFFE400C89EB4 /* CustomKeyboardTestUITestsLaunchTests.swift in Sources */ = {isa = PBXBuildFile; fileRef = FEA98B5D2A6EFFE400C89EB4 /* CustomKeyboardTestUITestsLaunchTests.swift */; };
		FEA98B6D2A6F01D900C89EB4 /* Home.swift in Sources */ = {isa = PBXBuildFile; fileRef = FEA98B6C2A6F01D900C89EB4 /* Home.swift */; };
		FEA98B6F2A6F040800C89EB4 /* CustomTFKeyboard.swift in Sources */ = {isa = PBXBuildFile; fileRef = FEA98B6E2A6F040800C89EB4 /* CustomTFKeyboard.swift */; };
/* End PBXBuildFile section */

/* Begin PBXContainerItemProxy section */
		FEA98B4E2A6EFFE400C89EB4 /* PBXContainerItemProxy */ = {
			isa = PBXContainerItemProxy;
			containerPortal = FEA98B352A6EFFE300C89EB4 /* Project object */;
			proxyType = 1;
			remoteGlobalIDString = FEA98B3C2A6EFFE300C89EB4;
			remoteInfo = CustomKeyboardTest;
		};
		FEA98B582A6EFFE400C89EB4 /* PBXContainerItemProxy */ = {
			isa = PBXContainerItemProxy;
			containerPortal = FEA98B352A6EFFE300C89EB4 /* Project object */;
			proxyType = 1;
			remoteGlobalIDString = FEA98B3C2A6EFFE300C89EB4;
			remoteInfo = CustomKeyboardTest;
		};
/* End PBXContainerItemProxy section */

/* Begin PBXFileReference section */
		FEA98B3D2A6EFFE300C89EB4 /* CustomKeyboardTest.app */ = {isa = PBXFileReference; explicitFileType = wrapper.application; includeInIndex = 0; path = CustomKeyboardTest.app; sourceTree = BUILT_PRODUCTS_DIR; };
		FEA98B402A6EFFE300C89EB4 /* CustomKeyboardTestApp.swift */ = {isa = PBXFileReference; lastKnownFileType = sourcecode.swift; path = CustomKeyboardTestApp.swift; sourceTree = "<group>"; };
		FEA98B422A6EFFE300C89EB4 /* ContentView.swift */ = {isa = PBXFileReference; lastKnownFileType = sourcecode.swift; path = ContentView.swift; sourceTree = "<group>"; };
		FEA98B442A6EFFE400C89EB4 /* Assets.xcassets */ = {isa = PBXFileReference; lastKnownFileType = folder.assetcatalog; path = Assets.xcassets; sourceTree = "<group>"; };
		FEA98B472A6EFFE400C89EB4 /* Preview Assets.xcassets */ = {isa = PBXFileReference; lastKnownFileType = folder.assetcatalog; path = "Preview Assets.xcassets"; sourceTree = "<group>"; };
		FEA98B4D2A6EFFE400C89EB4 /* CustomKeyboardTestTests.xctest */ = {isa = PBXFileReference; explicitFileType = wrapper.cfbundle; includeInIndex = 0; path = CustomKeyboardTestTests.xctest; sourceTree = BUILT_PRODUCTS_DIR; };
		FEA98B512A6EFFE400C89EB4 /* CustomKeyboardTestTests.swift */ = {isa = PBXFileReference; lastKnownFileType = sourcecode.swift; path = CustomKeyboardTestTests.swift; sourceTree = "<group>"; };
		FEA98B572A6EFFE400C89EB4 /* CustomKeyboardTestUITests.xctest */ = {isa = PBXFileReference; explicitFileType = wrapper.cfbundle; includeInIndex = 0; path = CustomKeyboardTestUITests.xctest; sourceTree = BUILT_PRODUCTS_DIR; };
		FEA98B5B2A6EFFE400C89EB4 /* CustomKeyboardTestUITests.swift */ = {isa = PBXFileReference; lastKnownFileType = sourcecode.swift; path = CustomKeyboardTestUITests.swift; sourceTree = "<group>"; };
		FEA98B5D2A6EFFE400C89EB4 /* CustomKeyboardTestUITestsLaunchTests.swift */ = {isa = PBXFileReference; lastKnownFileType = sourcecode.swift; path = CustomKeyboardTestUITestsLaunchTests.swift; sourceTree = "<group>"; };
		FEA98B6C2A6F01D900C89EB4 /* Home.swift */ = {isa = PBXFileReference; lastKnownFileType = sourcecode.swift; path = Home.swift; sourceTree = "<group>"; };
		FEA98B6E2A6F040800C89EB4 /* CustomTFKeyboard.swift */ = {isa = PBXFileReference; lastKnownFileType = sourcecode.swift; path = CustomTFKeyboard.swift; sourceTree = "<group>"; };
/* End PBXFileReference section */

/* Begin PBXFrameworksBuildPhase section */
		FEA98B3A2A6EFFE300C89EB4 /* Frameworks */ = {
			isa = PBXFrameworksBuildPhase;
			buildActionMask = 2147483647;
			files = (
			);
			runOnlyForDeploymentPostprocessing = 0;
		};
		FEA98B4A2A6EFFE400C89EB4 /* Frameworks */ = {
			isa = PBXFrameworksBuildPhase;
			buildActionMask = 2147483647;
			files = (
			);
			runOnlyForDeploymentPostprocessing = 0;
		};
		FEA98B542A6EFFE400C89EB4 /* Frameworks */ = {
			isa = PBXFrameworksBuildPhase;
			buildActionMask = 2147483647;
			files = (
			);
			runOnlyForDeploymentPostprocessing = 0;
		};
/* End PBXFrameworksBuildPhase section */

/* Begin PBXGroup section */
		FEA98B342A6EFFE300C89EB4 = {
			isa = PBXGroup;
			children = (
				FEA98B3F2A6EFFE300C89EB4 /* CustomKeyboardTest */,
				FEA98B502A6EFFE400C89EB4 /* CustomKeyboardTestTests */,
				FEA98B5A2A6EFFE400C89EB4 /* CustomKeyboardTestUITests */,
				FEA98B3E2A6EFFE300C89EB4 /* Products */,
			);
			sourceTree = "<group>";
		};
		FEA98B3E2A6EFFE300C89EB4 /* Products */ = {
			isa = PBXGroup;
			children = (
				FEA98B3D2A6EFFE300C89EB4 /* CustomKeyboardTest.app */,
				FEA98B4D2A6EFFE400C89EB4 /* CustomKeyboardTestTests.xctest */,
				FEA98B572A6EFFE400C89EB4 /* CustomKeyboardTestUITests.xctest */,
			);
			name = Products;
			sourceTree = "<group>";
		};
		FEA98B3F2A6EFFE300C89EB4 /* CustomKeyboardTest */ = {
			isa = PBXGroup;
			children = (
				FEA98B6B2A6F01CA00C89EB4 /* Helper */,
				FEA98B6A2A6F01B500C89EB4 /* View */,
				FEA98B402A6EFFE300C89EB4 /* CustomKeyboardTestApp.swift */,
				FEA98B422A6EFFE300C89EB4 /* ContentView.swift */,
				FEA98B442A6EFFE400C89EB4 /* Assets.xcassets */,
				FEA98B462A6EFFE400C89EB4 /* Preview Content */,
			);
			path = CustomKeyboardTest;
			sourceTree = "<group>";
		};
		FEA98B462A6EFFE400C89EB4 /* Preview Content */ = {
			isa = PBXGroup;
			children = (
				FEA98B472A6EFFE400C89EB4 /* Preview Assets.xcassets */,
			);
			path = "Preview Content";
			sourceTree = "<group>";
		};
		FEA98B502A6EFFE400C89EB4 /* CustomKeyboardTestTests */ = {
			isa = PBXGroup;
			children = (
				FEA98B512A6EFFE400C89EB4 /* CustomKeyboardTestTests.swift */,
			);
			path = CustomKeyboardTestTests;
			sourceTree = "<group>";
		};
		FEA98B5A2A6EFFE400C89EB4 /* CustomKeyboardTestUITests */ = {
			isa = PBXGroup;
			children = (
				FEA98B5B2A6EFFE400C89EB4 /* CustomKeyboardTestUITests.swift */,
				FEA98B5D2A6EFFE400C89EB4 /* CustomKeyboardTestUITestsLaunchTests.swift */,
			);
			path = CustomKeyboardTestUITests;
			sourceTree = "<group>";
		};
		FEA98B6A2A6F01B500C89EB4 /* View */ = {
			isa = PBXGroup;
			children = (
				FEA98B6C2A6F01D900C89EB4 /* Home.swift */,
			);
			path = View;
			sourceTree = "<group>";
		};
		FEA98B6B2A6F01CA00C89EB4 /* Helper */ = {
			isa = PBXGroup;
			children = (
				FEA98B6E2A6F040800C89EB4 /* CustomTFKeyboard.swift */,
			);
			path = Helper;
			sourceTree = "<group>";
		};
/* End PBXGroup section */

/* Begin PBXNativeTarget section */
		FEA98B3C2A6EFFE300C89EB4 /* CustomKeyboardTest */ = {
			isa = PBXNativeTarget;
			buildConfigurationList = FEA98B612A6EFFE400C89EB4 /* Build configuration list for PBXNativeTarget "CustomKeyboardTest" */;
			buildPhases = (
				FEA98B392A6EFFE300C89EB4 /* Sources */,
				FEA98B3A2A6EFFE300C89EB4 /* Frameworks */,
				FEA98B3B2A6EFFE300C89EB4 /* Resources */,
			);
			buildRules = (
			);
			dependencies = (
			);
			name = CustomKeyboardTest;
			productName = CustomKeyboardTest;
			productReference = FEA98B3D2A6EFFE300C89EB4 /* CustomKeyboardTest.app */;
			productType = "com.apple.product-type.application";
		};
		FEA98B4C2A6EFFE400C89EB4 /* CustomKeyboardTestTests */ = {
			isa = PBXNativeTarget;
			buildConfigurationList = FEA98B642A6EFFE400C89EB4 /* Build configuration list for PBXNativeTarget "CustomKeyboardTestTests" */;
			buildPhases = (
				FEA98B492A6EFFE400C89EB4 /* Sources */,
				FEA98B4A2A6EFFE400C89EB4 /* Frameworks */,
				FEA98B4B2A6EFFE400C89EB4 /* Resources */,
			);
			buildRules = (
			);
			dependencies = (
				FEA98B4F2A6EFFE400C89EB4 /* PBXTargetDependency */,
			);
			name = CustomKeyboardTestTests;
			productName = CustomKeyboardTestTests;
			productReference = FEA98B4D2A6EFFE400C89EB4 /* CustomKeyboardTestTests.xctest */;
			productType = "com.apple.product-type.bundle.unit-test";
		};
		FEA98B562A6EFFE400C89EB4 /* CustomKeyboardTestUITests */ = {
			isa = PBXNativeTarget;
			buildConfigurationList = FEA98B672A6EFFE400C89EB4 /* Build configuration list for PBXNativeTarget "CustomKeyboardTestUITests" */;
			buildPhases = (
				FEA98B532A6EFFE400C89EB4 /* Sources */,
				FEA98B542A6EFFE400C89EB4 /* Frameworks */,
				FEA98B552A6EFFE400C89EB4 /* Resources */,
			);
			buildRules = (
			);
			dependencies = (
				FEA98B592A6EFFE400C89EB4 /* PBXTargetDependency */,
			);
			name = CustomKeyboardTestUITests;
			productName = CustomKeyboardTestUITests;
			productReference = FEA98B572A6EFFE400C89EB4 /* CustomKeyboardTestUITests.xctest */;
			productType = "com.apple.product-type.bundle.ui-testing";
		};
/* End PBXNativeTarget section */

/* Begin PBXProject section */
		FEA98B352A6EFFE300C89EB4 /* Project object */ = {
			isa = PBXProject;
			attributes = {
				BuildIndependentTargetsInParallel = 1;
				LastSwiftUpdateCheck = 1430;
				LastUpgradeCheck = 1430;
				TargetAttributes = {
					FEA98B3C2A6EFFE300C89EB4 = {
						CreatedOnToolsVersion = 14.3.1;
					};
					FEA98B4C2A6EFFE400C89EB4 = {
						CreatedOnToolsVersion = 14.3.1;
						TestTargetID = FEA98B3C2A6EFFE300C89EB4;
					};
					FEA98B562A6EFFE400C89EB4 = {
						CreatedOnToolsVersion = 14.3.1;
						TestTargetID = FEA98B3C2A6EFFE300C89EB4;
					};
				};
			};
			buildConfigurationList = FEA98B382A6EFFE300C89EB4 /* Build configuration list for PBXProject "CustomKeyboardTest" */;
			compatibilityVersion = "Xcode 14.0";
			developmentRegion = en;
			hasScannedForEncodings = 0;
			knownRegions = (
				en,
				Base,
			);
			mainGroup = FEA98B342A6EFFE300C89EB4;
			productRefGroup = FEA98B3E2A6EFFE300C89EB4 /* Products */;
			projectDirPath = "";
			projectRoot = "";
			targets = (
				FEA98B3C2A6EFFE300C89EB4 /* CustomKeyboardTest */,
				FEA98B4C2A6EFFE400C89EB4 /* CustomKeyboardTestTests */,
				FEA98B562A6EFFE400C89EB4 /* CustomKeyboardTestUITests */,
			);
		};
/* End PBXProject section */

/* Begin PBXResourcesBuildPhase section */
		FEA98B3B2A6EFFE300C89EB4 /* Resources */ = {
			isa = PBXResourcesBuildPhase;
			buildActionMask = 2147483647;
			files = (
				FEA98B482A6EFFE400C89EB4 /* Preview Assets.xcassets in Resources */,
				FEA98B452A6EFFE400C89EB4 /* Assets.xcassets in Resources */,
			);
			runOnlyForDeploymentPostprocessing = 0;
		};
		FEA98B4B2A6EFFE400C89EB4 /* Resources */ = {
			isa = PBXResourcesBuildPhase;
			buildActionMask = 2147483647;
			files = (
			);
			runOnlyForDeploymentPostprocessing = 0;
		};
		FEA98B552A6EFFE400C89EB4 /* Resources */ = {
			isa = PBXResourcesBuildPhase;
			buildActionMask = 2147483647;
			files = (
			);
			runOnlyForDeploymentPostprocessing = 0;
		};
/* End PBXResourcesBuildPhase section */

/* Begin PBXSourcesBuildPhase section */
		FEA98B392A6EFFE300C89EB4 /* Sources */ = {
			isa = PBXSourcesBuildPhase;
			buildActionMask = 2147483647;
			files = (
				FEA98B432A6EFFE300C89EB4 /* ContentView.swift in Sources */,
				FEA98B6D2A6F01D900C89EB4 /* Home.swift in Sources */,
				FEA98B412A6EFFE300C89EB4 /* CustomKeyboardTestApp.swift in Sources */,
				FEA98B6F2A6F040800C89EB4 /* CustomTFKeyboard.swift in Sources */,
			);
			runOnlyForDeploymentPostprocessing = 0;
		};
		FEA98B492A6EFFE400C89EB4 /* Sources */ = {
			isa = PBXSourcesBuildPhase;
			buildActionMask = 2147483647;
			files = (
				FEA98B522A6EFFE400C89EB4 /* CustomKeyboardTestTests.swift in Sources */,
			);
			runOnlyForDeploymentPostprocessing = 0;
		};
		FEA98B532A6EFFE400C89EB4 /* Sources */ = {
			isa = PBXSourcesBuildPhase;
			buildActionMask = 2147483647;
			files = (
				FEA98B5E2A6EFFE400C89EB4 /* CustomKeyboardTestUITestsLaunchTests.swift in Sources */,
				FEA98B5C2A6EFFE400C89EB4 /* CustomKeyboardTestUITests.swift in Sources */,
			);
			runOnlyForDeploymentPostprocessing = 0;
		};
/* End PBXSourcesBuildPhase section */

/* Begin PBXTargetDependency section */
		FEA98B4F2A6EFFE400C89EB4 /* PBXTargetDependency */ = {
			isa = PBXTargetDependency;
			target = FEA98B3C2A6EFFE300C89EB4 /* CustomKeyboardTest */;
			targetProxy = FEA98B4E2A6EFFE400C89EB4 /* PBXContainerItemProxy */;
		};
		FEA98B592A6EFFE400C89EB4 /* PBXTargetDependency */ = {
			isa = PBXTargetDependency;
			target = FEA98B3C2A6EFFE300C89EB4 /* CustomKeyboardTest */;
			targetProxy = FEA98B582A6EFFE400C89EB4 /* PBXContainerItemProxy */;
		};
/* End PBXTargetDependency section */

/* Begin XCBuildConfiguration section */
		FEA98B5F2A6EFFE400C89EB4 /* Debug */ = {
			isa = XCBuildConfiguration;
			buildSettings = {
				ALWAYS_SEARCH_USER_PATHS = NO;
				CLANG_ANALYZER_NONNULL = YES;
				CLANG_ANALYZER_NUMBER_OBJECT_CONVERSION = YES_AGGRESSIVE;
				CLANG_CXX_LANGUAGE_STANDARD = "gnu++20";
				CLANG_ENABLE_MODULES = YES;
				CLANG_ENABLE_OBJC_ARC = YES;
				CLANG_ENABLE_OBJC_WEAK = YES;
				CLANG_WARN_BLOCK_CAPTURE_AUTORELEASING = YES;
				CLANG_WARN_BOOL_CONVERSION = YES;
				CLANG_WARN_COMMA = YES;
				CLANG_WARN_CONSTANT_CONVERSION = YES;
				CLANG_WARN_DEPRECATED_OBJC_IMPLEMENTATIONS = YES;
				CLANG_WARN_DIRECT_OBJC_ISA_USAGE = YES_ERROR;
				CLANG_WARN_DOCUMENTATION_COMMENTS = YES;
				CLANG_WARN_EMPTY_BODY = YES;
				CLANG_WARN_ENUM_CONVERSION = YES;
				CLANG_WARN_INFINITE_RECURSION = YES;
				CLANG_WARN_INT_CONVERSION = YES;
				CLANG_WARN_NON_LITERAL_NULL_CONVERSION = YES;
				CLANG_WARN_OBJC_IMPLICIT_RETAIN_SELF = YES;
				CLANG_WARN_OBJC_LITERAL_CONVERSION = YES;
				CLANG_WARN_OBJC_ROOT_CLASS = YES_ERROR;
				CLANG_WARN_QUOTED_INCLUDE_IN_FRAMEWORK_HEADER = YES;
				CLANG_WARN_RANGE_LOOP_ANALYSIS = YES;
				CLANG_WARN_STRICT_PROTOTYPES = YES;
				CLANG_WARN_SUSPICIOUS_MOVE = YES;
				CLANG_WARN_UNGUARDED_AVAILABILITY = YES_AGGRESSIVE;
				CLANG_WARN_UNREACHABLE_CODE = YES;
				CLANG_WARN__DUPLICATE_METHOD_MATCH = YES;
				COPY_PHASE_STRIP = NO;
				DEBUG_INFORMATION_FORMAT = dwarf;
				ENABLE_STRICT_OBJC_MSGSEND = YES;
				ENABLE_TESTABILITY = YES;
				GCC_C_LANGUAGE_STANDARD = gnu11;
				GCC_DYNAMIC_NO_PIC = NO;
				GCC_NO_COMMON_BLOCKS = YES;
				GCC_OPTIMIZATION_LEVEL = 0;
				GCC_PREPROCESSOR_DEFINITIONS = (
					"DEBUG=1",
					"$(inherited)",
				);
				GCC_WARN_64_TO_32_BIT_CONVERSION = YES;
				GCC_WARN_ABOUT_RETURN_TYPE = YES_ERROR;
				GCC_WARN_UNDECLARED_SELECTOR = YES;
				GCC_WARN_UNINITIALIZED_AUTOS = YES_AGGRESSIVE;
				GCC_WARN_UNUSED_FUNCTION = YES;
				GCC_WARN_UNUSED_VARIABLE = YES;
				IPHONEOS_DEPLOYMENT_TARGET = 16.4;
				MTL_ENABLE_DEBUG_INFO = INCLUDE_SOURCE;
				MTL_FAST_MATH = YES;
				ONLY_ACTIVE_ARCH = YES;
				SDKROOT = iphoneos;
				SWIFT_ACTIVE_COMPILATION_CONDITIONS = DEBUG;
				SWIFT_OPTIMIZATION_LEVEL = "-Onone";
			};
			name = Debug;
		};
		FEA98B602A6EFFE400C89EB4 /* Release */ = {
			isa = XCBuildConfiguration;
			buildSettings = {
				ALWAYS_SEARCH_USER_PATHS = NO;
				CLANG_ANALYZER_NONNULL = YES;
				CLANG_ANALYZER_NUMBER_OBJECT_CONVERSION = YES_AGGRESSIVE;
				CLANG_CXX_LANGUAGE_STANDARD = "gnu++20";
				CLANG_ENABLE_MODULES = YES;
				CLANG_ENABLE_OBJC_ARC = YES;
				CLANG_ENABLE_OBJC_WEAK = YES;
				CLANG_WARN_BLOCK_CAPTURE_AUTORELEASING = YES;
				CLANG_WARN_BOOL_CONVERSION = YES;
				CLANG_WARN_COMMA = YES;
				CLANG_WARN_CONSTANT_CONVERSION = YES;
				CLANG_WARN_DEPRECATED_OBJC_IMPLEMENTATIONS = YES;
				CLANG_WARN_DIRECT_OBJC_ISA_USAGE = YES_ERROR;
				CLANG_WARN_DOCUMENTATION_COMMENTS = YES;
				CLANG_WARN_EMPTY_BODY = YES;
				CLANG_WARN_ENUM_CONVERSION = YES;
				CLANG_WARN_INFINITE_RECURSION = YES;
				CLANG_WARN_INT_CONVERSION = YES;
				CLANG_WARN_NON_LITERAL_NULL_CONVERSION = YES;
				CLANG_WARN_OBJC_IMPLICIT_RETAIN_SELF = YES;
				CLANG_WARN_OBJC_LITERAL_CONVERSION = YES;
				CLANG_WARN_OBJC_ROOT_CLASS = YES_ERROR;
				CLANG_WARN_QUOTED_INCLUDE_IN_FRAMEWORK_HEADER = YES;
				CLANG_WARN_RANGE_LOOP_ANALYSIS = YES;
				CLANG_WARN_STRICT_PROTOTYPES = YES;
				CLANG_WARN_SUSPICIOUS_MOVE = YES;
				CLANG_WARN_UNGUARDED_AVAILABILITY = YES_AGGRESSIVE;
				CLANG_WARN_UNREACHABLE_CODE = YES;
				CLANG_WARN__DUPLICATE_METHOD_MATCH = YES;
				COPY_PHASE_STRIP = NO;
				DEBUG_INFORMATION_FORMAT = "dwarf-with-dsym";
				ENABLE_NS_ASSERTIONS = NO;
				ENABLE_STRICT_OBJC_MSGSEND = YES;
				GCC_C_LANGUAGE_STANDARD = gnu11;
				GCC_NO_COMMON_BLOCKS = YES;
				GCC_WARN_64_TO_32_BIT_CONVERSION = YES;
				GCC_WARN_ABOUT_RETURN_TYPE = YES_ERROR;
				GCC_WARN_UNDECLARED_SELECTOR = YES;
				GCC_WARN_UNINITIALIZED_AUTOS = YES_AGGRESSIVE;
				GCC_WARN_UNUSED_FUNCTION = YES;
				GCC_WARN_UNUSED_VARIABLE = YES;
				IPHONEOS_DEPLOYMENT_TARGET = 16.4;
				MTL_ENABLE_DEBUG_INFO = NO;
				MTL_FAST_MATH = YES;
				SDKROOT = iphoneos;
				SWIFT_COMPILATION_MODE = wholemodule;
				SWIFT_OPTIMIZATION_LEVEL = "-O";
				VALIDATE_PRODUCT = YES;
			};
			name = Release;
		};
		FEA98B622A6EFFE400C89EB4 /* Debug */ = {
			isa = XCBuildConfiguration;
			buildSettings = {
				ASSETCATALOG_COMPILER_APPICON_NAME = AppIcon;
				ASSETCATALOG_COMPILER_GLOBAL_ACCENT_COLOR_NAME = AccentColor;
				CODE_SIGN_STYLE = Automatic;
				CURRENT_PROJECT_VERSION = 1;
				DEVELOPMENT_ASSET_PATHS = "\"CustomKeyboardTest/Preview Content\"";
				DEVELOPMENT_TEAM = 4LBT7283WA;
				ENABLE_PREVIEWS = YES;
				GENERATE_INFOPLIST_FILE = YES;
				INFOPLIST_KEY_UIApplicationSceneManifest_Generation = YES;
				INFOPLIST_KEY_UIApplicationSupportsIndirectInputEvents = YES;
				INFOPLIST_KEY_UILaunchScreen_Generation = YES;
				INFOPLIST_KEY_UISupportedInterfaceOrientations_iPad = "UIInterfaceOrientationPortrait UIInterfaceOrientationPortraitUpsideDown UIInterfaceOrientationLandscapeLeft UIInterfaceOrientationLandscapeRight";
				INFOPLIST_KEY_UISupportedInterfaceOrientations_iPhone = "UIInterfaceOrientationPortrait UIInterfaceOrientationLandscapeLeft UIInterfaceOrientationLandscapeRight";
				LD_RUNPATH_SEARCH_PATHS = (
					"$(inherited)",
					"@executable_path/Frameworks",
				);
				MARKETING_VERSION = 1.0;
				PRODUCT_BUNDLE_IDENTIFIER = Sam.CustomKeyboardTest;
				PRODUCT_NAME = "$(TARGET_NAME)";
				SWIFT_EMIT_LOC_STRINGS = YES;
				SWIFT_VERSION = 5.0;
				TARGETED_DEVICE_FAMILY = "1,2";
			};
			name = Debug;
		};
		FEA98B632A6EFFE400C89EB4 /* Release */ = {
			isa = XCBuildConfiguration;
			buildSettings = {
				ASSETCATALOG_COMPILER_APPICON_NAME = AppIcon;
				ASSETCATALOG_COMPILER_GLOBAL_ACCENT_COLOR_NAME = AccentColor;
				CODE_SIGN_STYLE = Automatic;
				CURRENT_PROJECT_VERSION = 1;
				DEVELOPMENT_ASSET_PATHS = "\"CustomKeyboardTest/Preview Content\"";
				DEVELOPMENT_TEAM = 4LBT7283WA;
				ENABLE_PREVIEWS = YES;
				GENERATE_INFOPLIST_FILE = YES;
				INFOPLIST_KEY_UIApplicationSceneManifest_Generation = YES;
				INFOPLIST_KEY_UIApplicationSupportsIndirectInputEvents = YES;
				INFOPLIST_KEY_UILaunchScreen_Generation = YES;
				INFOPLIST_KEY_UISupportedInterfaceOrientations_iPad = "UIInterfaceOrientationPortrait UIInterfaceOrientationPortraitUpsideDown UIInterfaceOrientationLandscapeLeft UIInterfaceOrientationLandscapeRight";
				INFOPLIST_KEY_UISupportedInterfaceOrientations_iPhone = "UIInterfaceOrientationPortrait UIInterfaceOrientationLandscapeLeft UIInterfaceOrientationLandscapeRight";
				LD_RUNPATH_SEARCH_PATHS = (
					"$(inherited)",
					"@executable_path/Frameworks",
				);
				MARKETING_VERSION = 1.0;
				PRODUCT_BUNDLE_IDENTIFIER = Sam.CustomKeyboardTest;
				PRODUCT_NAME = "$(TARGET_NAME)";
				SWIFT_EMIT_LOC_STRINGS = YES;
				SWIFT_VERSION = 5.0;
				TARGETED_DEVICE_FAMILY = "1,2";
			};
			name = Release;
		};
		FEA98B652A6EFFE400C89EB4 /* Debug */ = {
			isa = XCBuildConfiguration;
			buildSettings = {
				ALWAYS_EMBED_SWIFT_STANDARD_LIBRARIES = YES;
				BUNDLE_LOADER = "$(TEST_HOST)";
				CODE_SIGN_STYLE = Automatic;
				CURRENT_PROJECT_VERSION = 1;
				DEVELOPMENT_TEAM = 4LBT7283WA;
				GENERATE_INFOPLIST_FILE = YES;
				IPHONEOS_DEPLOYMENT_TARGET = 16.4;
				MARKETING_VERSION = 1.0;
				PRODUCT_BUNDLE_IDENTIFIER = Sam.CustomKeyboardTestTests;
				PRODUCT_NAME = "$(TARGET_NAME)";
				SWIFT_EMIT_LOC_STRINGS = NO;
				SWIFT_VERSION = 5.0;
				TARGETED_DEVICE_FAMILY = "1,2";
				TEST_HOST = "$(BUILT_PRODUCTS_DIR)/CustomKeyboardTest.app/$(BUNDLE_EXECUTABLE_FOLDER_PATH)/CustomKeyboardTest";
			};
			name = Debug;
		};
		FEA98B662A6EFFE400C89EB4 /* Release */ = {
			isa = XCBuildConfiguration;
			buildSettings = {
				ALWAYS_EMBED_SWIFT_STANDARD_LIBRARIES = YES;
				BUNDLE_LOADER = "$(TEST_HOST)";
				CODE_SIGN_STYLE = Automatic;
				CURRENT_PROJECT_VERSION = 1;
				DEVELOPMENT_TEAM = 4LBT7283WA;
				GENERATE_INFOPLIST_FILE = YES;
				IPHONEOS_DEPLOYMENT_TARGET = 16.4;
				MARKETING_VERSION = 1.0;
				PRODUCT_BUNDLE_IDENTIFIER = Sam.CustomKeyboardTestTests;
				PRODUCT_NAME = "$(TARGET_NAME)";
				SWIFT_EMIT_LOC_STRINGS = NO;
				SWIFT_VERSION = 5.0;
				TARGETED_DEVICE_FAMILY = "1,2";
				TEST_HOST = "$(BUILT_PRODUCTS_DIR)/CustomKeyboardTest.app/$(BUNDLE_EXECUTABLE_FOLDER_PATH)/CustomKeyboardTest";
			};
			name = Release;
		};
		FEA98B682A6EFFE400C89EB4 /* Debug */ = {
			isa = XCBuildConfiguration;
			buildSettings = {
				ALWAYS_EMBED_SWIFT_STANDARD_LIBRARIES = YES;
				CODE_SIGN_STYLE = Automatic;
				CURRENT_PROJECT_VERSION = 1;
				DEVELOPMENT_TEAM = 4LBT7283WA;
				GENERATE_INFOPLIST_FILE = YES;
				MARKETING_VERSION = 1.0;
				PRODUCT_BUNDLE_IDENTIFIER = Sam.CustomKeyboardTestUITests;
				PRODUCT_NAME = "$(TARGET_NAME)";
				SWIFT_EMIT_LOC_STRINGS = NO;
				SWIFT_VERSION = 5.0;
				TARGETED_DEVICE_FAMILY = "1,2";
				TEST_TARGET_NAME = CustomKeyboardTest;
			};
			name = Debug;
		};
		FEA98B692A6EFFE400C89EB4 /* Release */ = {
			isa = XCBuildConfiguration;
			buildSettings = {
				ALWAYS_EMBED_SWIFT_STANDARD_LIBRARIES = YES;
				CODE_SIGN_STYLE = Automatic;
				CURRENT_PROJECT_VERSION = 1;
				DEVELOPMENT_TEAM = 4LBT7283WA;
				GENERATE_INFOPLIST_FILE = YES;
				MARKETING_VERSION = 1.0;
				PRODUCT_BUNDLE_IDENTIFIER = Sam.CustomKeyboardTestUITests;
				PRODUCT_NAME = "$(TARGET_NAME)";
				SWIFT_EMIT_LOC_STRINGS = NO;
				SWIFT_VERSION = 5.0;
				TARGETED_DEVICE_FAMILY = "1,2";
				TEST_TARGET_NAME = CustomKeyboardTest;
			};
			name = Release;
		};
/* End XCBuildConfiguration section */

/* Begin XCConfigurationList section */
		FEA98B382A6EFFE300C89EB4 /* Build configuration list for PBXProject "CustomKeyboardTest" */ = {
			isa = XCConfigurationList;
			buildConfigurations = (
				FEA98B5F2A6EFFE400C89EB4 /* Debug */,
				FEA98B602A6EFFE400C89EB4 /* Release */,
			);
			defaultConfigurationIsVisible = 0;
			defaultConfigurationName = Release;
		};
		FEA98B612A6EFFE400C89EB4 /* Build configuration list for PBXNativeTarget "CustomKeyboardTest" */ = {
			isa = XCConfigurationList;
			buildConfigurations = (
				FEA98B622A6EFFE400C89EB4 /* Debug */,
				FEA98B632A6EFFE400C89EB4 /* Release */,
			);
			defaultConfigurationIsVisible = 0;
			defaultConfigurationName = Release;
		};
		FEA98B642A6EFFE400C89EB4 /* Build configuration list for PBXNativeTarget "CustomKeyboardTestTests" */ = {
			isa = XCConfigurationList;
			buildConfigurations = (
				FEA98B652A6EFFE400C89EB4 /* Debug */,
				FEA98B662A6EFFE400C89EB4 /* Release */,
			);
			defaultConfigurationIsVisible = 0;
			defaultConfigurationName = Release;
		};
		FEA98B672A6EFFE400C89EB4 /* Build configuration list for PBXNativeTarget "CustomKeyboardTestUITests" */ = {
			isa = XCConfigurationList;
			buildConfigurations = (
				FEA98B682A6EFFE400C89EB4 /* Debug */,
				FEA98B692A6EFFE400C89EB4 /* Release */,
			);
			defaultConfigurationIsVisible = 0;
			defaultConfigurationName = Release;
		};
/* End XCConfigurationList section */
	};
	rootObject = FEA98B352A6EFFE300C89EB4 /* Project object */;
}
